// !$*UTF8*$!
{
	archiveVersion = 1;
	classes = {
	};
	objectVersion = 46;
	objects = {

/* Begin PBXBuildFile section */
		9C16CC771AFAE1E700DB7CA4 /* main.m in Sources */ = {isa = PBXBuildFile; fileRef = 9C16CC761AFAE1E700DB7CA4 /* main.m */; };
		9C16CC7A1AFAE1E700DB7CA4 /* AppDelegate.m in Sources */ = {isa = PBXBuildFile; fileRef = 9C16CC791AFAE1E700DB7CA4 /* AppDelegate.m */; };
		9C16CC7D1AFAE1E700DB7CA4 /* ViewController.m in Sources */ = {isa = PBXBuildFile; fileRef = 9C16CC7C1AFAE1E700DB7CA4 /* ViewController.m */; };
		9C16CC801AFAE1E700DB7CA4 /* Main.storyboard in Resources */ = {isa = PBXBuildFile; fileRef = 9C16CC7E1AFAE1E700DB7CA4 /* Main.storyboard */; };
		9C16CC821AFAE1E700DB7CA4 /* Images.xcassets in Resources */ = {isa = PBXBuildFile; fileRef = 9C16CC811AFAE1E700DB7CA4 /* Images.xcassets */; };
		9C16CC851AFAE1E700DB7CA4 /* LaunchScreen.xib in Resources */ = {isa = PBXBuildFile; fileRef = 9C16CC831AFAE1E700DB7CA4 /* LaunchScreen.xib */; };
		9C16CC911AFAE1E700DB7CA4 /* Day12AppTests.m in Sources */ = {isa = PBXBuildFile; fileRef = 9C16CC901AFAE1E700DB7CA4 /* Day12AppTests.m */; };
		9C16CC9C1AFAEB2B00DB7CA4 /* Day12Data.xcdatamodeld in Sources */ = {isa = PBXBuildFile; fileRef = 9C16CC9A1AFAEB2B00DB7CA4 /* Day12Data.xcdatamodeld */; };
		9C16CC9E1AFAEC3500DB7CA4 /* CoreData.framework in Frameworks */ = {isa = PBXBuildFile; fileRef = 9C16CC9D1AFAEC3500DB7CA4 /* CoreData.framework */; };
/* End PBXBuildFile section */

/* Begin PBXContainerItemProxy section */
		9C16CC8B1AFAE1E700DB7CA4 /* PBXContainerItemProxy */ = {
			isa = PBXContainerItemProxy;
			containerPortal = 9C16CC691AFAE1E700DB7CA4 /* Project object */;
			proxyType = 1;
			remoteGlobalIDString = 9C16CC701AFAE1E700DB7CA4;
			remoteInfo = Day12App;
		};
/* End PBXContainerItemProxy section */

/* Begin PBXFileReference section */
		9C16CC711AFAE1E700DB7CA4 /* Day12App.app */ = {isa = PBXFileReference; explicitFileType = wrapper.application; includeInIndex = 0; path = Day12App.app; sourceTree = BUILT_PRODUCTS_DIR; };
		9C16CC751AFAE1E700DB7CA4 /* Info.plist */ = {isa = PBXFileReference; lastKnownFileType = text.plist.xml; path = Info.plist; sourceTree = "<group>"; };
		9C16CC761AFAE1E700DB7CA4 /* main.m */ = {isa = PBXFileReference; lastKnownFileType = sourcecode.c.objc; path = main.m; sourceTree = "<group>"; };
		9C16CC781AFAE1E700DB7CA4 /* AppDelegate.h */ = {isa = PBXFileReference; lastKnownFileType = sourcecode.c.h; path = AppDelegate.h; sourceTree = "<group>"; };
		9C16CC791AFAE1E700DB7CA4 /* AppDelegate.m */ = {isa = PBXFileReference; lastKnownFileType = sourcecode.c.objc; path = AppDelegate.m; sourceTree = "<group>"; };
		9C16CC7B1AFAE1E700DB7CA4 /* ViewController.h */ = {isa = PBXFileReference; lastKnownFileType = sourcecode.c.h; path = ViewController.h; sourceTree = "<group>"; };
		9C16CC7C1AFAE1E700DB7CA4 /* ViewController.m */ = {isa = PBXFileReference; lastKnownFileType = sourcecode.c.objc; path = ViewController.m; sourceTree = "<group>"; };
		9C16CC7F1AFAE1E700DB7CA4 /* Base */ = {isa = PBXFileReference; lastKnownFileType = file.storyboard; name = Base; path = Base.lproj/Main.storyboard; sourceTree = "<group>"; };
		9C16CC811AFAE1E700DB7CA4 /* Images.xcassets */ = {isa = PBXFileReference; lastKnownFileType = folder.assetcatalog; path = Images.xcassets; sourceTree = "<group>"; };
		9C16CC841AFAE1E700DB7CA4 /* Base */ = {isa = PBXFileReference; lastKnownFileType = file.xib; name = Base; path = Base.lproj/LaunchScreen.xib; sourceTree = "<group>"; };
		9C16CC8A1AFAE1E700DB7CA4 /* Day12AppTests.xctest */ = {isa = PBXFileReference; explicitFileType = wrapper.cfbundle; includeInIndex = 0; path = Day12AppTests.xctest; sourceTree = BUILT_PRODUCTS_DIR; };
		9C16CC8F1AFAE1E700DB7CA4 /* Info.plist */ = {isa = PBXFileReference; lastKnownFileType = text.plist.xml; path = Info.plist; sourceTree = "<group>"; };
		9C16CC901AFAE1E700DB7CA4 /* Day12AppTests.m */ = {isa = PBXFileReference; lastKnownFileType = sourcecode.c.objc; path = Day12AppTests.m; sourceTree = "<group>"; };
		9C16CC9B1AFAEB2B00DB7CA4 /* Day12Data.xcdatamodel */ = {isa = PBXFileReference; lastKnownFileType = wrapper.xcdatamodel; path = Day12Data.xcdatamodel; sourceTree = "<group>"; };
		9C16CC9D1AFAEC3500DB7CA4 /* CoreData.framework */ = {isa = PBXFileReference; lastKnownFileType = wrapper.framework; name = CoreData.framework; path = System/Library/Frameworks/CoreData.framework; sourceTree = SDKROOT; };
/* End PBXFileReference section */

/* Begin PBXFrameworksBuildPhase section */
		9C16CC6E1AFAE1E700DB7CA4 /* Frameworks */ = {
			isa = PBXFrameworksBuildPhase;
			buildActionMask = 2147483647;
			files = (
				9C16CC9E1AFAEC3500DB7CA4 /* CoreData.framework in Frameworks */,
			);
			runOnlyForDeploymentPostprocessing = 0;
		};
		9C16CC871AFAE1E700DB7CA4 /* Frameworks */ = {
			isa = PBXFrameworksBuildPhase;
			buildActionMask = 2147483647;
			files = (
			);
			runOnlyForDeploymentPostprocessing = 0;
		};
/* End PBXFrameworksBuildPhase section */

/* Begin PBXGroup section */
		9C16CC681AFAE1E700DB7CA4 = {
			isa = PBXGroup;
			children = (
				9C16CC9D1AFAEC3500DB7CA4 /* CoreData.framework */,
				9C16CC731AFAE1E700DB7CA4 /* Day12App */,
				9C16CC8D1AFAE1E700DB7CA4 /* Day12AppTests */,
				9C16CC721AFAE1E700DB7CA4 /* Products */,
			);
			sourceTree = "<group>";
		};
		9C16CC721AFAE1E700DB7CA4 /* Products */ = {
			isa = PBXGroup;
			children = (
				9C16CC711AFAE1E700DB7CA4 /* Day12App.app */,
				9C16CC8A1AFAE1E700DB7CA4 /* Day12AppTests.xctest */,
			);
			name = Products;
			sourceTree = "<group>";
		};
		9C16CC731AFAE1E700DB7CA4 /* Day12App */ = {
			isa = PBXGroup;
			children = (
				9C16CC781AFAE1E700DB7CA4 /* AppDelegate.h */,
				9C16CC791AFAE1E700DB7CA4 /* AppDelegate.m */,
				9C16CC7B1AFAE1E700DB7CA4 /* ViewController.h */,
				9C16CC7C1AFAE1E700DB7CA4 /* ViewController.m */,
				9C16CC7E1AFAE1E700DB7CA4 /* Main.storyboard */,
				9C16CC9A1AFAEB2B00DB7CA4 /* Day12Data.xcdatamodeld */,
				9C16CC811AFAE1E700DB7CA4 /* Images.xcassets */,
				9C16CC831AFAE1E700DB7CA4 /* LaunchScreen.xib */,
				9C16CC741AFAE1E700DB7CA4 /* Supporting Files */,
			);
			path = Day12App;
			sourceTree = "<group>";
		};
		9C16CC741AFAE1E700DB7CA4 /* Supporting Files */ = {
			isa = PBXGroup;
			children = (
				9C16CC751AFAE1E700DB7CA4 /* Info.plist */,
				9C16CC761AFAE1E700DB7CA4 /* main.m */,
			);
			name = "Supporting Files";
			sourceTree = "<group>";
		};
		9C16CC8D1AFAE1E700DB7CA4 /* Day12AppTests */ = {
			isa = PBXGroup;
			children = (
				9C16CC901AFAE1E700DB7CA4 /* Day12AppTests.m */,
				9C16CC8E1AFAE1E700DB7CA4 /* Supporting Files */,
			);
			path = Day12AppTests;
			sourceTree = "<group>";
		};
		9C16CC8E1AFAE1E700DB7CA4 /* Supporting Files */ = {
			isa = PBXGroup;
			children = (
				9C16CC8F1AFAE1E700DB7CA4 /* Info.plist */,
			);
			name = "Supporting Files";
			sourceTree = "<group>";
		};
/* End PBXGroup section */

/* Begin PBXNativeTarget section */
		9C16CC701AFAE1E700DB7CA4 /* Day12App */ = {
			isa = PBXNativeTarget;
			buildConfigurationList = 9C16CC941AFAE1E700DB7CA4 /* Build configuration list for PBXNativeTarget "Day12App" */;
			buildPhases = (
				9C16CC6D1AFAE1E700DB7CA4 /* Sources */,
				9C16CC6E1AFAE1E700DB7CA4 /* Frameworks */,
				9C16CC6F1AFAE1E700DB7CA4 /* Resources */,
			);
			buildRules = (
			);
			dependencies = (
			);
			name = Day12App;
			productName = Day12App;
			productReference = 9C16CC711AFAE1E700DB7CA4 /* Day12App.app */;
			productType = "com.apple.product-type.application";
		};
		9C16CC891AFAE1E700DB7CA4 /* Day12AppTests */ = {
			isa = PBXNativeTarget;
			buildConfigurationList = 9C16CC971AFAE1E700DB7CA4 /* Build configuration list for PBXNativeTarget "Day12AppTests" */;
			buildPhases = (
				9C16CC861AFAE1E700DB7CA4 /* Sources */,
				9C16CC871AFAE1E700DB7CA4 /* Frameworks */,
				9C16CC881AFAE1E700DB7CA4 /* Resources */,
			);
			buildRules = (
			);
			dependencies = (
				9C16CC8C1AFAE1E700DB7CA4 /* PBXTargetDependency */,
			);
			name = Day12AppTests;
			productName = Day12AppTests;
			productReference = 9C16CC8A1AFAE1E700DB7CA4 /* Day12AppTests.xctest */;
			productType = "com.apple.product-type.bundle.unit-test";
		};
/* End PBXNativeTarget section */

/* Begin PBXProject section */
		9C16CC691AFAE1E700DB7CA4 /* Project object */ = {
			isa = PBXProject;
			attributes = {
				LastUpgradeCheck = 0630;
				ORGANIZATIONNAME = "Dan Luong";
				TargetAttributes = {
					9C16CC701AFAE1E700DB7CA4 = {
						CreatedOnToolsVersion = 6.3.1;
					};
					9C16CC891AFAE1E700DB7CA4 = {
						CreatedOnToolsVersion = 6.3.1;
						TestTargetID = 9C16CC701AFAE1E700DB7CA4;
					};
				};
			};
			buildConfigurationList = 9C16CC6C1AFAE1E700DB7CA4 /* Build configuration list for PBXProject "Day12App" */;
			compatibilityVersion = "Xcode 3.2";
			developmentRegion = English;
			hasScannedForEncodings = 0;
			knownRegions = (
				en,
				Base,
			);
			mainGroup = 9C16CC681AFAE1E700DB7CA4;
			productRefGroup = 9C16CC721AFAE1E700DB7CA4 /* Products */;
			projectDirPath = "";
			projectRoot = "";
			targets = (
				9C16CC701AFAE1E700DB7CA4 /* Day12App */,
				9C16CC891AFAE1E700DB7CA4 /* Day12AppTests */,
			);
		};
/* End PBXProject section */

/* Begin PBXResourcesBuildPhase section */
		9C16CC6F1AFAE1E700DB7CA4 /* Resources */ = {
			isa = PBXResourcesBuildPhase;
			buildActionMask = 2147483647;
			files = (
				9C16CC801AFAE1E700DB7CA4 /* Main.storyboard in Resources */,
				9C16CC851AFAE1E700DB7CA4 /* LaunchScreen.xib in Resources */,
				9C16CC821AFAE1E700DB7CA4 /* Images.xcassets in Resources */,
			);
			runOnlyForDeploymentPostprocessing = 0;
		};
		9C16CC881AFAE1E700DB7CA4 /* Resources */ = {
			isa = PBXResourcesBuildPhase;
			buildActionMask = 2147483647;
			files = (
			);
			runOnlyForDeploymentPostprocessing = 0;
		};
/* End PBXResourcesBuildPhase section */

/* Begin PBXSourcesBuildPhase section */
		9C16CC6D1AFAE1E700DB7CA4 /* Sources */ = {
			isa = PBXSourcesBuildPhase;
			buildActionMask = 2147483647;
			files = (
				9C16CC7D1AFAE1E700DB7CA4 /* ViewController.m in Sources */,
				9C16CC9C1AFAEB2B00DB7CA4 /* Day12Data.xcdatamodeld in Sources */,
				9C16CC7A1AFAE1E700DB7CA4 /* AppDelegate.m in Sources */,
				9C16CC771AFAE1E700DB7CA4 /* main.m in Sources */,
			);
			runOnlyForDeploymentPostprocessing = 0;
		};
		9C16CC861AFAE1E700DB7CA4 /* Sources */ = {
			isa = PBXSourcesBuildPhase;
			buildActionMask = 2147483647;
			files = (
				9C16CC911AFAE1E700DB7CA4 /* Day12AppTests.m in Sources */,
			);
			runOnlyForDeploymentPostprocessing = 0;
		};
/* End PBXSourcesBuildPhase section */

/* Begin PBXTargetDependency section */
		9C16CC8C1AFAE1E700DB7CA4 /* PBXTargetDependency */ = {
			isa = PBXTargetDependency;
			target = 9C16CC701AFAE1E700DB7CA4 /* Day12App */;
			targetProxy = 9C16CC8B1AFAE1E700DB7CA4 /* PBXContainerItemProxy */;
		};
/* End PBXTargetDependency section */

/* Begin PBXVariantGroup section */
		9C16CC7E1AFAE1E700DB7CA4 /* Main.storyboard */ = {
			isa = PBXVariantGroup;
			children = (
				9C16CC7F1AFAE1E700DB7CA4 /* Base */,
			);
			name = Main.storyboard;
			sourceTree = "<group>";
		};
		9C16CC831AFAE1E700DB7CA4 /* LaunchScreen.xib */ = {
			isa = PBXVariantGroup;
			children = (
				9C16CC841AFAE1E700DB7CA4 /* Base */,
			);
			name = LaunchScreen.xib;
			sourceTree = "<group>";
		};
/* End PBXVariantGroup section */

/* Begin XCBuildConfiguration section */
		9C16CC921AFAE1E700DB7CA4 /* Debug */ = {
			isa = XCBuildConfiguration;
			buildSettings = {
				ALWAYS_SEARCH_USER_PATHS = NO;
				CLANG_CXX_LANGUAGE_STANDARD = "gnu++0x";
				CLANG_CXX_LIBRARY = "libc++";
				CLANG_ENABLE_MODULES = YES;
				CLANG_ENABLE_OBJC_ARC = YES;
				CLANG_WARN_BOOL_CONVERSION = YES;
				CLANG_WARN_CONSTANT_CONVERSION = YES;
				CLANG_WARN_DIRECT_OBJC_ISA_USAGE = YES_ERROR;
				CLANG_WARN_EMPTY_BODY = YES;
				CLANG_WARN_ENUM_CONVERSION = YES;
				CLANG_WARN_INT_CONVERSION = YES;
				CLANG_WARN_OBJC_ROOT_CLASS = YES_ERROR;
				CLANG_WARN_UNREACHABLE_CODE = YES;
				CLANG_WARN__DUPLICATE_METHOD_MATCH = YES;
				"CODE_SIGN_IDENTITY[sdk=iphoneos*]" = "iPhone Developer";
				COPY_PHASE_STRIP = NO;
				DEBUG_INFORMATION_FORMAT = "dwarf-with-dsym";
				ENABLE_STRICT_OBJC_MSGSEND = YES;
				GCC_C_LANGUAGE_STANDARD = gnu99;
				GCC_DYNAMIC_NO_PIC = NO;
				GCC_NO_COMMON_BLOCKS = YES;
				GCC_OPTIMIZATION_LEVEL = 0;
				GCC_PREPROCESSOR_DEFINITIONS = (
					"DEBUG=1",
					"$(inherited)",
				);
				GCC_SYMBOLS_PRIVATE_EXTERN = NO;
				GCC_WARN_64_TO_32_BIT_CONVERSION = YES;
				GCC_WARN_ABOUT_RETURN_TYPE = YES_ERROR;
				GCC_WARN_UNDECLARED_SELECTOR = YES;
				GCC_WARN_UNINITIALIZED_AUTOS = YES_AGGRESSIVE;
				GCC_WARN_UNUSED_FUNCTION = YES;
				GCC_WARN_UNUSED_VARIABLE = YES;
				IPHONEOS_DEPLOYMENT_TARGET = 8.3;
				MTL_ENABLE_DEBUG_INFO = YES;
				ONLY_ACTIVE_ARCH = YES;
				SDKROOT = iphoneos;
				TARGETED_DEVICE_FAMILY = "1,2";
			};
			name = Debug;
		};
		9C16CC931AFAE1E700DB7CA4 /* Release */ = {
			isa = XCBuildConfiguration;
			buildSettings = {
				ALWAYS_SEARCH_USER_PATHS = NO;
				CLANG_CXX_LANGUAGE_STANDARD = "gnu++0x";
				CLANG_CXX_LIBRARY = "libc++";
				CLANG_ENABLE_MODULES = YES;
				CLANG_ENABLE_OBJC_ARC = YES;
				CLANG_WARN_BOOL_CONVERSION = YES;
				CLANG_WARN_CONSTANT_CONVERSION = YES;
				CLANG_WARN_DIRECT_OBJC_ISA_USAGE = YES_ERROR;
				CLANG_WARN_EMPTY_BODY = YES;
				CLANG_WARN_ENUM_CONVERSION = YES;
				CLANG_WARN_INT_CONVERSION = YES;
				CLANG_WARN_OBJC_ROOT_CLASS = YES_ERROR;
				CLANG_WARN_UNREACHABLE_CODE = YES;
				CLANG_WARN__DUPLICATE_METHOD_MATCH = YES;
				"CODE_SIGN_IDENTITY[sdk=iphoneos*]" = "iPhone Developer";
				COPY_PHASE_STRIP = NO;
				DEBUG_INFORMATION_FORMAT = "dwarf-with-dsym";
				ENABLE_NS_ASSERTIONS = NO;
				ENABLE_STRICT_OBJC_MSGSEND = YES;
				GCC_C_LANGUAGE_STANDARD = gnu99;
				GCC_NO_COMMON_BLOCKS = YES;
				GCC_WARN_64_TO_32_BIT_CONVERSION = YES;
				GCC_WARN_ABOUT_RETURN_TYPE = YES_ERROR;
				GCC_WARN_UNDECLARED_SELECTOR = YES;
				GCC_WARN_UNINITIALIZED_AUTOS = YES_AGGRESSIVE;
				GCC_WARN_UNUSED_FUNCTION = YES;
				GCC_WARN_UNUSED_VARIABLE = YES;
				IPHONEOS_DEPLOYMENT_TARGET = 8.3;
				MTL_ENABLE_DEBUG_INFO = NO;
				SDKROOT = iphoneos;
				TARGETED_DEVICE_FAMILY = "1,2";
				VALIDATE_PRODUCT = YES;
			};
			name = Release;
		};
		9C16CC951AFAE1E700DB7CA4 /* Debug */ = {
			isa = XCBuildConfiguration;
			buildSettings = {
				ASSETCATALOG_COMPILER_APPICON_NAME = AppIcon;
				INFOPLIST_FILE = Day12App/Info.plist;
				LD_RUNPATH_SEARCH_PATHS = "$(inherited) @executable_path/Frameworks";
				PRODUCT_NAME = "$(TARGET_NAME)";
			};
			name = Debug;
		};
		9C16CC961AFAE1E700DB7CA4 /* Release */ = {
			isa = XCBuildConfiguration;
			buildSettings = {
				ASSETCATALOG_COMPILER_APPICON_NAME = AppIcon;
				INFOPLIST_FILE = Day12App/Info.plist;
				LD_RUNPATH_SEARCH_PATHS = "$(inherited) @executable_path/Frameworks";
				PRODUCT_NAME = "$(TARGET_NAME)";
			};
			name = Release;
		};
		9C16CC981AFAE1E700DB7CA4 /* Debug */ = {
			isa = XCBuildConfiguration;
			buildSettings = {
				BUNDLE_LOADER = "$(TEST_HOST)";
				FRAMEWORK_SEARCH_PATHS = (
					"$(SDKROOT)/Developer/Library/Frameworks",
					"$(inherited)",
				);
				GCC_PREPROCESSOR_DEFINITIONS = (
					"DEBUG=1",
					"$(inherited)",
				);
				INFOPLIST_FILE = Day12AppTests/Info.plist;
				LD_RUNPATH_SEARCH_PATHS = "$(inherited) @executable_path/Frameworks @loader_path/Frameworks";
				PRODUCT_NAME = "$(TARGET_NAME)";
				TEST_HOST = "$(BUILT_PRODUCTS_DIR)/Day12App.app/Day12App";
			};
			name = Debug;
		};
		9C16CC991AFAE1E700DB7CA4 /* Release */ = {
			isa = XCBuildConfiguration;
			buildSettings = {
				BUNDLE_LOADER = "$(TEST_HOST)";
				FRAMEWORK_SEARCH_PATHS = (
					"$(SDKROOT)/Developer/Library/Frameworks",
					"$(inherited)",
				);
				INFOPLIST_FILE = Day12AppTests/Info.plist;
				LD_RUNPATH_SEARCH_PATHS = "$(inherited) @executable_path/Frameworks @loader_path/Frameworks";
				PRODUCT_NAME = "$(TARGET_NAME)";
				TEST_HOST = "$(BUILT_PRODUCTS_DIR)/Day12App.app/Day12App";
			};
			name = Release;
		};
/* End XCBuildConfiguration section */

/* Begin XCConfigurationList section */
		9C16CC6C1AFAE1E700DB7CA4 /* Build configuration list for PBXProject "Day12App" */ = {
			isa = XCConfigurationList;
			buildConfigurations = (
				9C16CC921AFAE1E700DB7CA4 /* Debug */,
				9C16CC931AFAE1E700DB7CA4 /* Release */,
			);
			defaultConfigurationIsVisible = 0;
			defaultConfigurationName = Release;
		};
		9C16CC941AFAE1E700DB7CA4 /* Build configuration list for PBXNativeTarget "Day12App" */ = {
			isa = XCConfigurationList;
			buildConfigurations = (
				9C16CC951AFAE1E700DB7CA4 /* Debug */,
				9C16CC961AFAE1E700DB7CA4 /* Release */,
			);
			defaultConfigurationIsVisible = 0;
		};
		9C16CC971AFAE1E700DB7CA4 /* Build configuration list for PBXNativeTarget "Day12AppTests" */ = {
			isa = XCConfigurationList;
			buildConfigurations = (
				9C16CC981AFAE1E700DB7CA4 /* Debug */,
				9C16CC991AFAE1E700DB7CA4 /* Release */,
			);
			defaultConfigurationIsVisible = 0;
		};
/* End XCConfigurationList section */

/* Begin XCVersionGroup section */
		9C16CC9A1AFAEB2B00DB7CA4 /* Day12Data.xcdatamodeld */ = {
			isa = XCVersionGroup;
			children = (
				9C16CC9B1AFAEB2B00DB7CA4 /* Day12Data.xcdatamodel */,
			);
			currentVersion = 9C16CC9B1AFAEB2B00DB7CA4 /* Day12Data.xcdatamodel */;
			path = Day12Data.xcdatamodeld;
			sourceTree = "<group>";
			versionGroupType = wrapper.xcdatamodel;
		};
/* End XCVersionGroup section */
	};
	rootObject = 9C16CC691AFAE1E700DB7CA4 /* Project object */;
}
