// !$*UTF8*$!
{
	archiveVersion = 1;
	classes = {
	};
	objectVersion = 46;
	objects = {

/* Begin PBXBuildFile section */
		9CF4BB2A1B0255E60053EC6B /* main.m in Sources */ = {isa = PBXBuildFile; fileRef = 9CF4BB291B0255E60053EC6B /* main.m */; };
		9CF4BB2D1B0255E60053EC6B /* AppDelegate.m in Sources */ = {isa = PBXBuildFile; fileRef = 9CF4BB2C1B0255E60053EC6B /* AppDelegate.m */; };
		9CF4BB301B0255E60053EC6B /* ViewController.m in Sources */ = {isa = PBXBuildFile; fileRef = 9CF4BB2F1B0255E60053EC6B /* ViewController.m */; };
		9CF4BB331B0255E60053EC6B /* Main.storyboard in Resources */ = {isa = PBXBuildFile; fileRef = 9CF4BB311B0255E60053EC6B /* Main.storyboard */; };
		9CF4BB351B0255E60053EC6B /* Images.xcassets in Resources */ = {isa = PBXBuildFile; fileRef = 9CF4BB341B0255E60053EC6B /* Images.xcassets */; };
		9CF4BB381B0255E60053EC6B /* LaunchScreen.xib in Resources */ = {isa = PBXBuildFile; fileRef = 9CF4BB361B0255E60053EC6B /* LaunchScreen.xib */; };
		9CF4BB441B0255E60053EC6B /* Day23AppTests.m in Sources */ = {isa = PBXBuildFile; fileRef = 9CF4BB431B0255E60053EC6B /* Day23AppTests.m */; };
/* End PBXBuildFile section */

/* Begin PBXContainerItemProxy section */
		9CF4BB3E1B0255E60053EC6B /* PBXContainerItemProxy */ = {
			isa = PBXContainerItemProxy;
			containerPortal = 9CF4BB1C1B0255E60053EC6B /* Project object */;
			proxyType = 1;
			remoteGlobalIDString = 9CF4BB231B0255E60053EC6B;
			remoteInfo = Day23App;
		};
/* End PBXContainerItemProxy section */

/* Begin PBXFileReference section */
		9CF4BB241B0255E60053EC6B /* Day23App.app */ = {isa = PBXFileReference; explicitFileType = wrapper.application; includeInIndex = 0; path = Day23App.app; sourceTree = BUILT_PRODUCTS_DIR; };
		9CF4BB281B0255E60053EC6B /* Info.plist */ = {isa = PBXFileReference; lastKnownFileType = text.plist.xml; path = Info.plist; sourceTree = "<group>"; };
		9CF4BB291B0255E60053EC6B /* main.m */ = {isa = PBXFileReference; lastKnownFileType = sourcecode.c.objc; path = main.m; sourceTree = "<group>"; };
		9CF4BB2B1B0255E60053EC6B /* AppDelegate.h */ = {isa = PBXFileReference; lastKnownFileType = sourcecode.c.h; path = AppDelegate.h; sourceTree = "<group>"; };
		9CF4BB2C1B0255E60053EC6B /* AppDelegate.m */ = {isa = PBXFileReference; lastKnownFileType = sourcecode.c.objc; path = AppDelegate.m; sourceTree = "<group>"; };
		9CF4BB2E1B0255E60053EC6B /* ViewController.h */ = {isa = PBXFileReference; lastKnownFileType = sourcecode.c.h; path = ViewController.h; sourceTree = "<group>"; };
		9CF4BB2F1B0255E60053EC6B /* ViewController.m */ = {isa = PBXFileReference; lastKnownFileType = sourcecode.c.objc; path = ViewController.m; sourceTree = "<group>"; };
		9CF4BB321B0255E60053EC6B /* Base */ = {isa = PBXFileReference; lastKnownFileType = file.storyboard; name = Base; path = Base.lproj/Main.storyboard; sourceTree = "<group>"; };
		9CF4BB341B0255E60053EC6B /* Images.xcassets */ = {isa = PBXFileReference; lastKnownFileType = folder.assetcatalog; path = Images.xcassets; sourceTree = "<group>"; };
		9CF4BB371B0255E60053EC6B /* Base */ = {isa = PBXFileReference; lastKnownFileType = file.xib; name = Base; path = Base.lproj/LaunchScreen.xib; sourceTree = "<group>"; };
		9CF4BB3D1B0255E60053EC6B /* Day23AppTests.xctest */ = {isa = PBXFileReference; explicitFileType = wrapper.cfbundle; includeInIndex = 0; path = Day23AppTests.xctest; sourceTree = BUILT_PRODUCTS_DIR; };
		9CF4BB421B0255E60053EC6B /* Info.plist */ = {isa = PBXFileReference; lastKnownFileType = text.plist.xml; path = Info.plist; sourceTree = "<group>"; };
		9CF4BB431B0255E60053EC6B /* Day23AppTests.m */ = {isa = PBXFileReference; lastKnownFileType = sourcecode.c.objc; path = Day23AppTests.m; sourceTree = "<group>"; };
/* End PBXFileReference section */

/* Begin PBXFrameworksBuildPhase section */
		9CF4BB211B0255E60053EC6B /* Frameworks */ = {
			isa = PBXFrameworksBuildPhase;
			buildActionMask = 2147483647;
			files = (
			);
			runOnlyForDeploymentPostprocessing = 0;
		};
		9CF4BB3A1B0255E60053EC6B /* Frameworks */ = {
			isa = PBXFrameworksBuildPhase;
			buildActionMask = 2147483647;
			files = (
			);
			runOnlyForDeploymentPostprocessing = 0;
		};
/* End PBXFrameworksBuildPhase section */

/* Begin PBXGroup section */
		9CF4BB1B1B0255E60053EC6B = {
			isa = PBXGroup;
			children = (
				9CF4BB261B0255E60053EC6B /* Day23App */,
				9CF4BB401B0255E60053EC6B /* Day23AppTests */,
				9CF4BB251B0255E60053EC6B /* Products */,
			);
			sourceTree = "<group>";
		};
		9CF4BB251B0255E60053EC6B /* Products */ = {
			isa = PBXGroup;
			children = (
				9CF4BB241B0255E60053EC6B /* Day23App.app */,
				9CF4BB3D1B0255E60053EC6B /* Day23AppTests.xctest */,
			);
			name = Products;
			sourceTree = "<group>";
		};
		9CF4BB261B0255E60053EC6B /* Day23App */ = {
			isa = PBXGroup;
			children = (
				9CF4BB2B1B0255E60053EC6B /* AppDelegate.h */,
				9CF4BB2C1B0255E60053EC6B /* AppDelegate.m */,
				9CF4BB2E1B0255E60053EC6B /* ViewController.h */,
				9CF4BB2F1B0255E60053EC6B /* ViewController.m */,
				9CF4BB311B0255E60053EC6B /* Main.storyboard */,
				9CF4BB341B0255E60053EC6B /* Images.xcassets */,
				9CF4BB361B0255E60053EC6B /* LaunchScreen.xib */,
				9CF4BB271B0255E60053EC6B /* Supporting Files */,
			);
			path = Day23App;
			sourceTree = "<group>";
		};
		9CF4BB271B0255E60053EC6B /* Supporting Files */ = {
			isa = PBXGroup;
			children = (
				9CF4BB281B0255E60053EC6B /* Info.plist */,
				9CF4BB291B0255E60053EC6B /* main.m */,
			);
			name = "Supporting Files";
			sourceTree = "<group>";
		};
		9CF4BB401B0255E60053EC6B /* Day23AppTests */ = {
			isa = PBXGroup;
			children = (
				9CF4BB431B0255E60053EC6B /* Day23AppTests.m */,
				9CF4BB411B0255E60053EC6B /* Supporting Files */,
			);
			path = Day23AppTests;
			sourceTree = "<group>";
		};
		9CF4BB411B0255E60053EC6B /* Supporting Files */ = {
			isa = PBXGroup;
			children = (
				9CF4BB421B0255E60053EC6B /* Info.plist */,
			);
			name = "Supporting Files";
			sourceTree = "<group>";
		};
/* End PBXGroup section */

/* Begin PBXNativeTarget section */
		9CF4BB231B0255E60053EC6B /* Day23App */ = {
			isa = PBXNativeTarget;
			buildConfigurationList = 9CF4BB471B0255E60053EC6B /* Build configuration list for PBXNativeTarget "Day23App" */;
			buildPhases = (
				9CF4BB201B0255E60053EC6B /* Sources */,
				9CF4BB211B0255E60053EC6B /* Frameworks */,
				9CF4BB221B0255E60053EC6B /* Resources */,
			);
			buildRules = (
			);
			dependencies = (
			);
			name = Day23App;
			productName = Day23App;
			productReference = 9CF4BB241B0255E60053EC6B /* Day23App.app */;
			productType = "com.apple.product-type.application";
		};
		9CF4BB3C1B0255E60053EC6B /* Day23AppTests */ = {
			isa = PBXNativeTarget;
			buildConfigurationList = 9CF4BB4A1B0255E60053EC6B /* Build configuration list for PBXNativeTarget "Day23AppTests" */;
			buildPhases = (
				9CF4BB391B0255E60053EC6B /* Sources */,
				9CF4BB3A1B0255E60053EC6B /* Frameworks */,
				9CF4BB3B1B0255E60053EC6B /* Resources */,
			);
			buildRules = (
			);
			dependencies = (
				9CF4BB3F1B0255E60053EC6B /* PBXTargetDependency */,
			);
			name = Day23AppTests;
			productName = Day23AppTests;
			productReference = 9CF4BB3D1B0255E60053EC6B /* Day23AppTests.xctest */;
			productType = "com.apple.product-type.bundle.unit-test";
		};
/* End PBXNativeTarget section */

/* Begin PBXProject section */
		9CF4BB1C1B0255E60053EC6B /* Project object */ = {
			isa = PBXProject;
			attributes = {
				LastUpgradeCheck = 0630;
				ORGANIZATIONNAME = "Dan Luong";
				TargetAttributes = {
					9CF4BB231B0255E60053EC6B = {
						CreatedOnToolsVersion = 6.3.1;
					};
					9CF4BB3C1B0255E60053EC6B = {
						CreatedOnToolsVersion = 6.3.1;
						TestTargetID = 9CF4BB231B0255E60053EC6B;
					};
				};
			};
			buildConfigurationList = 9CF4BB1F1B0255E60053EC6B /* Build configuration list for PBXProject "Day23App" */;
			compatibilityVersion = "Xcode 3.2";
			developmentRegion = English;
			hasScannedForEncodings = 0;
			knownRegions = (
				en,
				Base,
			);
			mainGroup = 9CF4BB1B1B0255E60053EC6B;
			productRefGroup = 9CF4BB251B0255E60053EC6B /* Products */;
			projectDirPath = "";
			projectRoot = "";
			targets = (
				9CF4BB231B0255E60053EC6B /* Day23App */,
				9CF4BB3C1B0255E60053EC6B /* Day23AppTests */,
			);
		};
/* End PBXProject section */

/* Begin PBXResourcesBuildPhase section */
		9CF4BB221B0255E60053EC6B /* Resources */ = {
			isa = PBXResourcesBuildPhase;
			buildActionMask = 2147483647;
			files = (
				9CF4BB331B0255E60053EC6B /* Main.storyboard in Resources */,
				9CF4BB381B0255E60053EC6B /* LaunchScreen.xib in Resources */,
				9CF4BB351B0255E60053EC6B /* Images.xcassets in Resources */,
			);
			runOnlyForDeploymentPostprocessing = 0;
		};
		9CF4BB3B1B0255E60053EC6B /* Resources */ = {
			isa = PBXResourcesBuildPhase;
			buildActionMask = 2147483647;
			files = (
			);
			runOnlyForDeploymentPostprocessing = 0;
		};
/* End PBXResourcesBuildPhase section */

/* Begin PBXSourcesBuildPhase section */
		9CF4BB201B0255E60053EC6B /* Sources */ = {
			isa = PBXSourcesBuildPhase;
			buildActionMask = 2147483647;
			files = (
				9CF4BB301B0255E60053EC6B /* ViewController.m in Sources */,
				9CF4BB2D1B0255E60053EC6B /* AppDelegate.m in Sources */,
				9CF4BB2A1B0255E60053EC6B /* main.m in Sources */,
			);
			runOnlyForDeploymentPostprocessing = 0;
		};
		9CF4BB391B0255E60053EC6B /* Sources */ = {
			isa = PBXSourcesBuildPhase;
			buildActionMask = 2147483647;
			files = (
				9CF4BB441B0255E60053EC6B /* Day23AppTests.m in Sources */,
			);
			runOnlyForDeploymentPostprocessing = 0;
		};
/* End PBXSourcesBuildPhase section */

/* Begin PBXTargetDependency section */
		9CF4BB3F1B0255E60053EC6B /* PBXTargetDependency */ = {
			isa = PBXTargetDependency;
			target = 9CF4BB231B0255E60053EC6B /* Day23App */;
			targetProxy = 9CF4BB3E1B0255E60053EC6B /* PBXContainerItemProxy */;
		};
/* End PBXTargetDependency section */

/* Begin PBXVariantGroup section */
		9CF4BB311B0255E60053EC6B /* Main.storyboard */ = {
			isa = PBXVariantGroup;
			children = (
				9CF4BB321B0255E60053EC6B /* Base */,
			);
			name = Main.storyboard;
			sourceTree = "<group>";
		};
		9CF4BB361B0255E60053EC6B /* LaunchScreen.xib */ = {
			isa = PBXVariantGroup;
			children = (
				9CF4BB371B0255E60053EC6B /* Base */,
			);
			name = LaunchScreen.xib;
			sourceTree = "<group>";
		};
/* End PBXVariantGroup section */

/* Begin XCBuildConfiguration section */
		9CF4BB451B0255E60053EC6B /* Debug */ = {
			isa = XCBuildConfiguration;
			buildSettings = {
				ALWAYS_SEARCH_USER_PATHS = NO;
				CLANG_CXX_LANGUAGE_STANDARD = "gnu++0x";
				CLANG_CXX_LIBRARY = "libc++";
				CLANG_ENABLE_MODULES = YES;
				CLANG_ENABLE_OBJC_ARC = YES;
				CLANG_WARN_BOOL_CONVERSION = YES;
				CLANG_WARN_CONSTANT_CONVERSION = YES;
				CLANG_WARN_DIRECT_OBJC_ISA_USAGE = YES_ERROR;
				CLANG_WARN_EMPTY_BODY = YES;
				CLANG_WARN_ENUM_CONVERSION = YES;
				CLANG_WARN_INT_CONVERSION = YES;
				CLANG_WARN_OBJC_ROOT_CLASS = YES_ERROR;
				CLANG_WARN_UNREACHABLE_CODE = YES;
				CLANG_WARN__DUPLICATE_METHOD_MATCH = YES;
				"CODE_SIGN_IDENTITY[sdk=iphoneos*]" = "iPhone Developer";
				COPY_PHASE_STRIP = NO;
				DEBUG_INFORMATION_FORMAT = "dwarf-with-dsym";
				ENABLE_STRICT_OBJC_MSGSEND = YES;
				GCC_C_LANGUAGE_STANDARD = gnu99;
				GCC_DYNAMIC_NO_PIC = NO;
				GCC_NO_COMMON_BLOCKS = YES;
				GCC_OPTIMIZATION_LEVEL = 0;
				GCC_PREPROCESSOR_DEFINITIONS = (
					"DEBUG=1",
					"$(inherited)",
				);
				GCC_SYMBOLS_PRIVATE_EXTERN = NO;
				GCC_WARN_64_TO_32_BIT_CONVERSION = YES;
				GCC_WARN_ABOUT_RETURN_TYPE = YES_ERROR;
				GCC_WARN_UNDECLARED_SELECTOR = YES;
				GCC_WARN_UNINITIALIZED_AUTOS = YES_AGGRESSIVE;
				GCC_WARN_UNUSED_FUNCTION = YES;
				GCC_WARN_UNUSED_VARIABLE = YES;
				IPHONEOS_DEPLOYMENT_TARGET = 8.3;
				MTL_ENABLE_DEBUG_INFO = YES;
				ONLY_ACTIVE_ARCH = YES;
				SDKROOT = iphoneos;
				TARGETED_DEVICE_FAMILY = "1,2";
			};
			name = Debug;
		};
		9CF4BB461B0255E60053EC6B /* Release */ = {
			isa = XCBuildConfiguration;
			buildSettings = {
				ALWAYS_SEARCH_USER_PATHS = NO;
				CLANG_CXX_LANGUAGE_STANDARD = "gnu++0x";
				CLANG_CXX_LIBRARY = "libc++";
				CLANG_ENABLE_MODULES = YES;
				CLANG_ENABLE_OBJC_ARC = YES;
				CLANG_WARN_BOOL_CONVERSION = YES;
				CLANG_WARN_CONSTANT_CONVERSION = YES;
				CLANG_WARN_DIRECT_OBJC_ISA_USAGE = YES_ERROR;
				CLANG_WARN_EMPTY_BODY = YES;
				CLANG_WARN_ENUM_CONVERSION = YES;
				CLANG_WARN_INT_CONVERSION = YES;
				CLANG_WARN_OBJC_ROOT_CLASS = YES_ERROR;
				CLANG_WARN_UNREACHABLE_CODE = YES;
				CLANG_WARN__DUPLICATE_METHOD_MATCH = YES;
				"CODE_SIGN_IDENTITY[sdk=iphoneos*]" = "iPhone Developer";
				COPY_PHASE_STRIP = NO;
				DEBUG_INFORMATION_FORMAT = "dwarf-with-dsym";
				ENABLE_NS_ASSERTIONS = NO;
				ENABLE_STRICT_OBJC_MSGSEND = YES;
				GCC_C_LANGUAGE_STANDARD = gnu99;
				GCC_NO_COMMON_BLOCKS = YES;
				GCC_WARN_64_TO_32_BIT_CONVERSION = YES;
				GCC_WARN_ABOUT_RETURN_TYPE = YES_ERROR;
				GCC_WARN_UNDECLARED_SELECTOR = YES;
				GCC_WARN_UNINITIALIZED_AUTOS = YES_AGGRESSIVE;
				GCC_WARN_UNUSED_FUNCTION = YES;
				GCC_WARN_UNUSED_VARIABLE = YES;
				IPHONEOS_DEPLOYMENT_TARGET = 8.3;
				MTL_ENABLE_DEBUG_INFO = NO;
				SDKROOT = iphoneos;
				TARGETED_DEVICE_FAMILY = "1,2";
				VALIDATE_PRODUCT = YES;
			};
			name = Release;
		};
		9CF4BB481B0255E60053EC6B /* Debug */ = {
			isa = XCBuildConfiguration;
			buildSettings = {
				ASSETCATALOG_COMPILER_APPICON_NAME = AppIcon;
				INFOPLIST_FILE = Day23App/Info.plist;
				LD_RUNPATH_SEARCH_PATHS = "$(inherited) @executable_path/Frameworks";
				PRODUCT_NAME = "$(TARGET_NAME)";
			};
			name = Debug;
		};
		9CF4BB491B0255E60053EC6B /* Release */ = {
			isa = XCBuildConfiguration;
			buildSettings = {
				ASSETCATALOG_COMPILER_APPICON_NAME = AppIcon;
				INFOPLIST_FILE = Day23App/Info.plist;
				LD_RUNPATH_SEARCH_PATHS = "$(inherited) @executable_path/Frameworks";
				PRODUCT_NAME = "$(TARGET_NAME)";
			};
			name = Release;
		};
		9CF4BB4B1B0255E60053EC6B /* Debug */ = {
			isa = XCBuildConfiguration;
			buildSettings = {
				BUNDLE_LOADER = "$(TEST_HOST)";
				FRAMEWORK_SEARCH_PATHS = (
					"$(SDKROOT)/Developer/Library/Frameworks",
					"$(inherited)",
				);
				GCC_PREPROCESSOR_DEFINITIONS = (
					"DEBUG=1",
					"$(inherited)",
				);
				INFOPLIST_FILE = Day23AppTests/Info.plist;
				LD_RUNPATH_SEARCH_PATHS = "$(inherited) @executable_path/Frameworks @loader_path/Frameworks";
				PRODUCT_NAME = "$(TARGET_NAME)";
				TEST_HOST = "$(BUILT_PRODUCTS_DIR)/Day23App.app/Day23App";
			};
			name = Debug;
		};
		9CF4BB4C1B0255E60053EC6B /* Release */ = {
			isa = XCBuildConfiguration;
			buildSettings = {
				BUNDLE_LOADER = "$(TEST_HOST)";
				FRAMEWORK_SEARCH_PATHS = (
					"$(SDKROOT)/Developer/Library/Frameworks",
					"$(inherited)",
				);
				INFOPLIST_FILE = Day23AppTests/Info.plist;
				LD_RUNPATH_SEARCH_PATHS = "$(inherited) @executable_path/Frameworks @loader_path/Frameworks";
				PRODUCT_NAME = "$(TARGET_NAME)";
				TEST_HOST = "$(BUILT_PRODUCTS_DIR)/Day23App.app/Day23App";
			};
			name = Release;
		};
/* End XCBuildConfiguration section */

/* Begin XCConfigurationList section */
		9CF4BB1F1B0255E60053EC6B /* Build configuration list for PBXProject "Day23App" */ = {
			isa = XCConfigurationList;
			buildConfigurations = (
				9CF4BB451B0255E60053EC6B /* Debug */,
				9CF4BB461B0255E60053EC6B /* Release */,
			);
			defaultConfigurationIsVisible = 0;
			defaultConfigurationName = Release;
		};
		9CF4BB471B0255E60053EC6B /* Build configuration list for PBXNativeTarget "Day23App" */ = {
			isa = XCConfigurationList;
			buildConfigurations = (
				9CF4BB481B0255E60053EC6B /* Debug */,
				9CF4BB491B0255E60053EC6B /* Release */,
			);
			defaultConfigurationIsVisible = 0;
		};
		9CF4BB4A1B0255E60053EC6B /* Build configuration list for PBXNativeTarget "Day23AppTests" */ = {
			isa = XCConfigurationList;
			buildConfigurations = (
				9CF4BB4B1B0255E60053EC6B /* Debug */,
				9CF4BB4C1B0255E60053EC6B /* Release */,
			);
			defaultConfigurationIsVisible = 0;
		};
/* End XCConfigurationList section */
	};
	rootObject = 9CF4BB1C1B0255E60053EC6B /* Project object */;
}
