// !$*UTF8*$!
{
	archiveVersion = 1;
	classes = {
	};
	objectVersion = 46;
	objects = {

/* Begin PBXBuildFile section */
		9CF42F341AF970F5001A4B9C /* main.m in Sources */ = {isa = PBXBuildFile; fileRef = 9CF42F331AF970F5001A4B9C /* main.m */; };
		9CF42F371AF970F5001A4B9C /* AppDelegate.m in Sources */ = {isa = PBXBuildFile; fileRef = 9CF42F361AF970F5001A4B9C /* AppDelegate.m */; };
		9CF42F3A1AF970F5001A4B9C /* ViewController.m in Sources */ = {isa = PBXBuildFile; fileRef = 9CF42F391AF970F5001A4B9C /* ViewController.m */; };
		9CF42F3D1AF970F5001A4B9C /* Main.storyboard in Resources */ = {isa = PBXBuildFile; fileRef = 9CF42F3B1AF970F5001A4B9C /* Main.storyboard */; };
		9CF42F3F1AF970F5001A4B9C /* Images.xcassets in Resources */ = {isa = PBXBuildFile; fileRef = 9CF42F3E1AF970F5001A4B9C /* Images.xcassets */; };
		9CF42F421AF970F5001A4B9C /* LaunchScreen.xib in Resources */ = {isa = PBXBuildFile; fileRef = 9CF42F401AF970F5001A4B9C /* LaunchScreen.xib */; };
		9CF42F4E1AF970F5001A4B9C /* Day6AppTests.m in Sources */ = {isa = PBXBuildFile; fileRef = 9CF42F4D1AF970F5001A4B9C /* Day6AppTests.m */; };
		9CF42F591AF97276001A4B9C /* SecondViewController.m in Sources */ = {isa = PBXBuildFile; fileRef = 9CF42F581AF97276001A4B9C /* SecondViewController.m */; };
/* End PBXBuildFile section */

/* Begin PBXContainerItemProxy section */
		9CF42F481AF970F5001A4B9C /* PBXContainerItemProxy */ = {
			isa = PBXContainerItemProxy;
			containerPortal = 9CF42F261AF970F5001A4B9C /* Project object */;
			proxyType = 1;
			remoteGlobalIDString = 9CF42F2D1AF970F5001A4B9C;
			remoteInfo = Day6App;
		};
/* End PBXContainerItemProxy section */

/* Begin PBXFileReference section */
		9CF42F2E1AF970F5001A4B9C /* Day6App.app */ = {isa = PBXFileReference; explicitFileType = wrapper.application; includeInIndex = 0; path = Day6App.app; sourceTree = BUILT_PRODUCTS_DIR; };
		9CF42F321AF970F5001A4B9C /* Info.plist */ = {isa = PBXFileReference; lastKnownFileType = text.plist.xml; path = Info.plist; sourceTree = "<group>"; };
		9CF42F331AF970F5001A4B9C /* main.m */ = {isa = PBXFileReference; lastKnownFileType = sourcecode.c.objc; path = main.m; sourceTree = "<group>"; };
		9CF42F351AF970F5001A4B9C /* AppDelegate.h */ = {isa = PBXFileReference; lastKnownFileType = sourcecode.c.h; path = AppDelegate.h; sourceTree = "<group>"; };
		9CF42F361AF970F5001A4B9C /* AppDelegate.m */ = {isa = PBXFileReference; lastKnownFileType = sourcecode.c.objc; path = AppDelegate.m; sourceTree = "<group>"; };
		9CF42F381AF970F5001A4B9C /* ViewController.h */ = {isa = PBXFileReference; lastKnownFileType = sourcecode.c.h; path = ViewController.h; sourceTree = "<group>"; };
		9CF42F391AF970F5001A4B9C /* ViewController.m */ = {isa = PBXFileReference; lastKnownFileType = sourcecode.c.objc; path = ViewController.m; sourceTree = "<group>"; };
		9CF42F3C1AF970F5001A4B9C /* Base */ = {isa = PBXFileReference; lastKnownFileType = file.storyboard; name = Base; path = Base.lproj/Main.storyboard; sourceTree = "<group>"; };
		9CF42F3E1AF970F5001A4B9C /* Images.xcassets */ = {isa = PBXFileReference; lastKnownFileType = folder.assetcatalog; path = Images.xcassets; sourceTree = "<group>"; };
		9CF42F411AF970F5001A4B9C /* Base */ = {isa = PBXFileReference; lastKnownFileType = file.xib; name = Base; path = Base.lproj/LaunchScreen.xib; sourceTree = "<group>"; };
		9CF42F471AF970F5001A4B9C /* Day6AppTests.xctest */ = {isa = PBXFileReference; explicitFileType = wrapper.cfbundle; includeInIndex = 0; path = Day6AppTests.xctest; sourceTree = BUILT_PRODUCTS_DIR; };
		9CF42F4C1AF970F5001A4B9C /* Info.plist */ = {isa = PBXFileReference; lastKnownFileType = text.plist.xml; path = Info.plist; sourceTree = "<group>"; };
		9CF42F4D1AF970F5001A4B9C /* Day6AppTests.m */ = {isa = PBXFileReference; lastKnownFileType = sourcecode.c.objc; path = Day6AppTests.m; sourceTree = "<group>"; };
		9CF42F571AF97276001A4B9C /* SecondViewController.h */ = {isa = PBXFileReference; fileEncoding = 4; lastKnownFileType = sourcecode.c.h; path = SecondViewController.h; sourceTree = "<group>"; };
		9CF42F581AF97276001A4B9C /* SecondViewController.m */ = {isa = PBXFileReference; fileEncoding = 4; lastKnownFileType = sourcecode.c.objc; path = SecondViewController.m; sourceTree = "<group>"; };
/* End PBXFileReference section */

/* Begin PBXFrameworksBuildPhase section */
		9CF42F2B1AF970F5001A4B9C /* Frameworks */ = {
			isa = PBXFrameworksBuildPhase;
			buildActionMask = 2147483647;
			files = (
			);
			runOnlyForDeploymentPostprocessing = 0;
		};
		9CF42F441AF970F5001A4B9C /* Frameworks */ = {
			isa = PBXFrameworksBuildPhase;
			buildActionMask = 2147483647;
			files = (
			);
			runOnlyForDeploymentPostprocessing = 0;
		};
/* End PBXFrameworksBuildPhase section */

/* Begin PBXGroup section */
		9CF42F251AF970F5001A4B9C = {
			isa = PBXGroup;
			children = (
				9CF42F301AF970F5001A4B9C /* Day6App */,
				9CF42F4A1AF970F5001A4B9C /* Day6AppTests */,
				9CF42F2F1AF970F5001A4B9C /* Products */,
			);
			sourceTree = "<group>";
		};
		9CF42F2F1AF970F5001A4B9C /* Products */ = {
			isa = PBXGroup;
			children = (
				9CF42F2E1AF970F5001A4B9C /* Day6App.app */,
				9CF42F471AF970F5001A4B9C /* Day6AppTests.xctest */,
			);
			name = Products;
			sourceTree = "<group>";
		};
		9CF42F301AF970F5001A4B9C /* Day6App */ = {
			isa = PBXGroup;
			children = (
				9CF42F351AF970F5001A4B9C /* AppDelegate.h */,
				9CF42F361AF970F5001A4B9C /* AppDelegate.m */,
				9CF42F381AF970F5001A4B9C /* ViewController.h */,
				9CF42F391AF970F5001A4B9C /* ViewController.m */,
				9CF42F3B1AF970F5001A4B9C /* Main.storyboard */,
				9CF42F571AF97276001A4B9C /* SecondViewController.h */,
				9CF42F581AF97276001A4B9C /* SecondViewController.m */,
				9CF42F3E1AF970F5001A4B9C /* Images.xcassets */,
				9CF42F401AF970F5001A4B9C /* LaunchScreen.xib */,
				9CF42F311AF970F5001A4B9C /* Supporting Files */,
			);
			path = Day6App;
			sourceTree = "<group>";
		};
		9CF42F311AF970F5001A4B9C /* Supporting Files */ = {
			isa = PBXGroup;
			children = (
				9CF42F321AF970F5001A4B9C /* Info.plist */,
				9CF42F331AF970F5001A4B9C /* main.m */,
			);
			name = "Supporting Files";
			sourceTree = "<group>";
		};
		9CF42F4A1AF970F5001A4B9C /* Day6AppTests */ = {
			isa = PBXGroup;
			children = (
				9CF42F4D1AF970F5001A4B9C /* Day6AppTests.m */,
				9CF42F4B1AF970F5001A4B9C /* Supporting Files */,
			);
			path = Day6AppTests;
			sourceTree = "<group>";
		};
		9CF42F4B1AF970F5001A4B9C /* Supporting Files */ = {
			isa = PBXGroup;
			children = (
				9CF42F4C1AF970F5001A4B9C /* Info.plist */,
			);
			name = "Supporting Files";
			sourceTree = "<group>";
		};
/* End PBXGroup section */

/* Begin PBXNativeTarget section */
		9CF42F2D1AF970F5001A4B9C /* Day6App */ = {
			isa = PBXNativeTarget;
			buildConfigurationList = 9CF42F511AF970F5001A4B9C /* Build configuration list for PBXNativeTarget "Day6App" */;
			buildPhases = (
				9CF42F2A1AF970F5001A4B9C /* Sources */,
				9CF42F2B1AF970F5001A4B9C /* Frameworks */,
				9CF42F2C1AF970F5001A4B9C /* Resources */,
			);
			buildRules = (
			);
			dependencies = (
			);
			name = Day6App;
			productName = Day6App;
			productReference = 9CF42F2E1AF970F5001A4B9C /* Day6App.app */;
			productType = "com.apple.product-type.application";
		};
		9CF42F461AF970F5001A4B9C /* Day6AppTests */ = {
			isa = PBXNativeTarget;
			buildConfigurationList = 9CF42F541AF970F5001A4B9C /* Build configuration list for PBXNativeTarget "Day6AppTests" */;
			buildPhases = (
				9CF42F431AF970F5001A4B9C /* Sources */,
				9CF42F441AF970F5001A4B9C /* Frameworks */,
				9CF42F451AF970F5001A4B9C /* Resources */,
			);
			buildRules = (
			);
			dependencies = (
				9CF42F491AF970F5001A4B9C /* PBXTargetDependency */,
			);
			name = Day6AppTests;
			productName = Day6AppTests;
			productReference = 9CF42F471AF970F5001A4B9C /* Day6AppTests.xctest */;
			productType = "com.apple.product-type.bundle.unit-test";
		};
/* End PBXNativeTarget section */

/* Begin PBXProject section */
		9CF42F261AF970F5001A4B9C /* Project object */ = {
			isa = PBXProject;
			attributes = {
				LastUpgradeCheck = 0630;
				ORGANIZATIONNAME = "Dan Luong";
				TargetAttributes = {
					9CF42F2D1AF970F5001A4B9C = {
						CreatedOnToolsVersion = 6.3.1;
					};
					9CF42F461AF970F5001A4B9C = {
						CreatedOnToolsVersion = 6.3.1;
						TestTargetID = 9CF42F2D1AF970F5001A4B9C;
					};
				};
			};
			buildConfigurationList = 9CF42F291AF970F5001A4B9C /* Build configuration list for PBXProject "Day6App" */;
			compatibilityVersion = "Xcode 3.2";
			developmentRegion = English;
			hasScannedForEncodings = 0;
			knownRegions = (
				en,
				Base,
			);
			mainGroup = 9CF42F251AF970F5001A4B9C;
			productRefGroup = 9CF42F2F1AF970F5001A4B9C /* Products */;
			projectDirPath = "";
			projectRoot = "";
			targets = (
				9CF42F2D1AF970F5001A4B9C /* Day6App */,
				9CF42F461AF970F5001A4B9C /* Day6AppTests */,
			);
		};
/* End PBXProject section */

/* Begin PBXResourcesBuildPhase section */
		9CF42F2C1AF970F5001A4B9C /* Resources */ = {
			isa = PBXResourcesBuildPhase;
			buildActionMask = 2147483647;
			files = (
				9CF42F3D1AF970F5001A4B9C /* Main.storyboard in Resources */,
				9CF42F421AF970F5001A4B9C /* LaunchScreen.xib in Resources */,
				9CF42F3F1AF970F5001A4B9C /* Images.xcassets in Resources */,
			);
			runOnlyForDeploymentPostprocessing = 0;
		};
		9CF42F451AF970F5001A4B9C /* Resources */ = {
			isa = PBXResourcesBuildPhase;
			buildActionMask = 2147483647;
			files = (
			);
			runOnlyForDeploymentPostprocessing = 0;
		};
/* End PBXResourcesBuildPhase section */

/* Begin PBXSourcesBuildPhase section */
		9CF42F2A1AF970F5001A4B9C /* Sources */ = {
			isa = PBXSourcesBuildPhase;
			buildActionMask = 2147483647;
			files = (
				9CF42F591AF97276001A4B9C /* SecondViewController.m in Sources */,
				9CF42F3A1AF970F5001A4B9C /* ViewController.m in Sources */,
				9CF42F371AF970F5001A4B9C /* AppDelegate.m in Sources */,
				9CF42F341AF970F5001A4B9C /* main.m in Sources */,
			);
			runOnlyForDeploymentPostprocessing = 0;
		};
		9CF42F431AF970F5001A4B9C /* Sources */ = {
			isa = PBXSourcesBuildPhase;
			buildActionMask = 2147483647;
			files = (
				9CF42F4E1AF970F5001A4B9C /* Day6AppTests.m in Sources */,
			);
			runOnlyForDeploymentPostprocessing = 0;
		};
/* End PBXSourcesBuildPhase section */

/* Begin PBXTargetDependency section */
		9CF42F491AF970F5001A4B9C /* PBXTargetDependency */ = {
			isa = PBXTargetDependency;
			target = 9CF42F2D1AF970F5001A4B9C /* Day6App */;
			targetProxy = 9CF42F481AF970F5001A4B9C /* PBXContainerItemProxy */;
		};
/* End PBXTargetDependency section */

/* Begin PBXVariantGroup section */
		9CF42F3B1AF970F5001A4B9C /* Main.storyboard */ = {
			isa = PBXVariantGroup;
			children = (
				9CF42F3C1AF970F5001A4B9C /* Base */,
			);
			name = Main.storyboard;
			sourceTree = "<group>";
		};
		9CF42F401AF970F5001A4B9C /* LaunchScreen.xib */ = {
			isa = PBXVariantGroup;
			children = (
				9CF42F411AF970F5001A4B9C /* Base */,
			);
			name = LaunchScreen.xib;
			sourceTree = "<group>";
		};
/* End PBXVariantGroup section */

/* Begin XCBuildConfiguration section */
		9CF42F4F1AF970F5001A4B9C /* Debug */ = {
			isa = XCBuildConfiguration;
			buildSettings = {
				ALWAYS_SEARCH_USER_PATHS = NO;
				CLANG_CXX_LANGUAGE_STANDARD = "gnu++0x";
				CLANG_CXX_LIBRARY = "libc++";
				CLANG_ENABLE_MODULES = YES;
				CLANG_ENABLE_OBJC_ARC = YES;
				CLANG_WARN_BOOL_CONVERSION = YES;
				CLANG_WARN_CONSTANT_CONVERSION = YES;
				CLANG_WARN_DIRECT_OBJC_ISA_USAGE = YES_ERROR;
				CLANG_WARN_EMPTY_BODY = YES;
				CLANG_WARN_ENUM_CONVERSION = YES;
				CLANG_WARN_INT_CONVERSION = YES;
				CLANG_WARN_OBJC_ROOT_CLASS = YES_ERROR;
				CLANG_WARN_UNREACHABLE_CODE = YES;
				CLANG_WARN__DUPLICATE_METHOD_MATCH = YES;
				"CODE_SIGN_IDENTITY[sdk=iphoneos*]" = "iPhone Developer";
				COPY_PHASE_STRIP = NO;
				DEBUG_INFORMATION_FORMAT = "dwarf-with-dsym";
				ENABLE_STRICT_OBJC_MSGSEND = YES;
				GCC_C_LANGUAGE_STANDARD = gnu99;
				GCC_DYNAMIC_NO_PIC = NO;
				GCC_NO_COMMON_BLOCKS = YES;
				GCC_OPTIMIZATION_LEVEL = 0;
				GCC_PREPROCESSOR_DEFINITIONS = (
					"DEBUG=1",
					"$(inherited)",
				);
				GCC_SYMBOLS_PRIVATE_EXTERN = NO;
				GCC_WARN_64_TO_32_BIT_CONVERSION = YES;
				GCC_WARN_ABOUT_RETURN_TYPE = YES_ERROR;
				GCC_WARN_UNDECLARED_SELECTOR = YES;
				GCC_WARN_UNINITIALIZED_AUTOS = YES_AGGRESSIVE;
				GCC_WARN_UNUSED_FUNCTION = YES;
				GCC_WARN_UNUSED_VARIABLE = YES;
				IPHONEOS_DEPLOYMENT_TARGET = 8.3;
				MTL_ENABLE_DEBUG_INFO = YES;
				ONLY_ACTIVE_ARCH = YES;
				SDKROOT = iphoneos;
				TARGETED_DEVICE_FAMILY = "1,2";
			};
			name = Debug;
		};
		9CF42F501AF970F5001A4B9C /* Release */ = {
			isa = XCBuildConfiguration;
			buildSettings = {
				ALWAYS_SEARCH_USER_PATHS = NO;
				CLANG_CXX_LANGUAGE_STANDARD = "gnu++0x";
				CLANG_CXX_LIBRARY = "libc++";
				CLANG_ENABLE_MODULES = YES;
				CLANG_ENABLE_OBJC_ARC = YES;
				CLANG_WARN_BOOL_CONVERSION = YES;
				CLANG_WARN_CONSTANT_CONVERSION = YES;
				CLANG_WARN_DIRECT_OBJC_ISA_USAGE = YES_ERROR;
				CLANG_WARN_EMPTY_BODY = YES;
				CLANG_WARN_ENUM_CONVERSION = YES;
				CLANG_WARN_INT_CONVERSION = YES;
				CLANG_WARN_OBJC_ROOT_CLASS = YES_ERROR;
				CLANG_WARN_UNREACHABLE_CODE = YES;
				CLANG_WARN__DUPLICATE_METHOD_MATCH = YES;
				"CODE_SIGN_IDENTITY[sdk=iphoneos*]" = "iPhone Developer";
				COPY_PHASE_STRIP = NO;
				DEBUG_INFORMATION_FORMAT = "dwarf-with-dsym";
				ENABLE_NS_ASSERTIONS = NO;
				ENABLE_STRICT_OBJC_MSGSEND = YES;
				GCC_C_LANGUAGE_STANDARD = gnu99;
				GCC_NO_COMMON_BLOCKS = YES;
				GCC_WARN_64_TO_32_BIT_CONVERSION = YES;
				GCC_WARN_ABOUT_RETURN_TYPE = YES_ERROR;
				GCC_WARN_UNDECLARED_SELECTOR = YES;
				GCC_WARN_UNINITIALIZED_AUTOS = YES_AGGRESSIVE;
				GCC_WARN_UNUSED_FUNCTION = YES;
				GCC_WARN_UNUSED_VARIABLE = YES;
				IPHONEOS_DEPLOYMENT_TARGET = 8.3;
				MTL_ENABLE_DEBUG_INFO = NO;
				SDKROOT = iphoneos;
				TARGETED_DEVICE_FAMILY = "1,2";
				VALIDATE_PRODUCT = YES;
			};
			name = Release;
		};
		9CF42F521AF970F5001A4B9C /* Debug */ = {
			isa = XCBuildConfiguration;
			buildSettings = {
				ASSETCATALOG_COMPILER_APPICON_NAME = AppIcon;
				INFOPLIST_FILE = Day6App/Info.plist;
				LD_RUNPATH_SEARCH_PATHS = "$(inherited) @executable_path/Frameworks";
				PRODUCT_NAME = "$(TARGET_NAME)";
			};
			name = Debug;
		};
		9CF42F531AF970F5001A4B9C /* Release */ = {
			isa = XCBuildConfiguration;
			buildSettings = {
				ASSETCATALOG_COMPILER_APPICON_NAME = AppIcon;
				INFOPLIST_FILE = Day6App/Info.plist;
				LD_RUNPATH_SEARCH_PATHS = "$(inherited) @executable_path/Frameworks";
				PRODUCT_NAME = "$(TARGET_NAME)";
			};
			name = Release;
		};
		9CF42F551AF970F5001A4B9C /* Debug */ = {
			isa = XCBuildConfiguration;
			buildSettings = {
				BUNDLE_LOADER = "$(TEST_HOST)";
				FRAMEWORK_SEARCH_PATHS = (
					"$(SDKROOT)/Developer/Library/Frameworks",
					"$(inherited)",
				);
				GCC_PREPROCESSOR_DEFINITIONS = (
					"DEBUG=1",
					"$(inherited)",
				);
				INFOPLIST_FILE = Day6AppTests/Info.plist;
				LD_RUNPATH_SEARCH_PATHS = "$(inherited) @executable_path/Frameworks @loader_path/Frameworks";
				PRODUCT_NAME = "$(TARGET_NAME)";
				TEST_HOST = "$(BUILT_PRODUCTS_DIR)/Day6App.app/Day6App";
			};
			name = Debug;
		};
		9CF42F561AF970F5001A4B9C /* Release */ = {
			isa = XCBuildConfiguration;
			buildSettings = {
				BUNDLE_LOADER = "$(TEST_HOST)";
				FRAMEWORK_SEARCH_PATHS = (
					"$(SDKROOT)/Developer/Library/Frameworks",
					"$(inherited)",
				);
				INFOPLIST_FILE = Day6AppTests/Info.plist;
				LD_RUNPATH_SEARCH_PATHS = "$(inherited) @executable_path/Frameworks @loader_path/Frameworks";
				PRODUCT_NAME = "$(TARGET_NAME)";
				TEST_HOST = "$(BUILT_PRODUCTS_DIR)/Day6App.app/Day6App";
			};
			name = Release;
		};
/* End XCBuildConfiguration section */

/* Begin XCConfigurationList section */
		9CF42F291AF970F5001A4B9C /* Build configuration list for PBXProject "Day6App" */ = {
			isa = XCConfigurationList;
			buildConfigurations = (
				9CF42F4F1AF970F5001A4B9C /* Debug */,
				9CF42F501AF970F5001A4B9C /* Release */,
			);
			defaultConfigurationIsVisible = 0;
			defaultConfigurationName = Release;
		};
		9CF42F511AF970F5001A4B9C /* Build configuration list for PBXNativeTarget "Day6App" */ = {
			isa = XCConfigurationList;
			buildConfigurations = (
				9CF42F521AF970F5001A4B9C /* Debug */,
				9CF42F531AF970F5001A4B9C /* Release */,
			);
			defaultConfigurationIsVisible = 0;
		};
		9CF42F541AF970F5001A4B9C /* Build configuration list for PBXNativeTarget "Day6AppTests" */ = {
			isa = XCConfigurationList;
			buildConfigurations = (
				9CF42F551AF970F5001A4B9C /* Debug */,
				9CF42F561AF970F5001A4B9C /* Release */,
			);
			defaultConfigurationIsVisible = 0;
		};
/* End XCConfigurationList section */
	};
	rootObject = 9CF42F261AF970F5001A4B9C /* Project object */;
}
