// !$*UTF8*$!
{
	archiveVersion = 1;
	classes = {
	};
	objectVersion = 46;
	objects = {

/* Begin PBXBuildFile section */
		375112AF1AF9DE790016ACEE /* main.m in Sources */ = {isa = PBXBuildFile; fileRef = 375112AE1AF9DE790016ACEE /* main.m */; };
		375112B21AF9DE790016ACEE /* AppDelegate.m in Sources */ = {isa = PBXBuildFile; fileRef = 375112B11AF9DE790016ACEE /* AppDelegate.m */; };
		375112B51AF9DE7A0016ACEE /* ViewController.m in Sources */ = {isa = PBXBuildFile; fileRef = 375112B41AF9DE7A0016ACEE /* ViewController.m */; };
		375112B81AF9DE7A0016ACEE /* Main.storyboard in Resources */ = {isa = PBXBuildFile; fileRef = 375112B61AF9DE7A0016ACEE /* Main.storyboard */; };
		375112BA1AF9DE7A0016ACEE /* Images.xcassets in Resources */ = {isa = PBXBuildFile; fileRef = 375112B91AF9DE7A0016ACEE /* Images.xcassets */; };
		375112BD1AF9DE7A0016ACEE /* LaunchScreen.xib in Resources */ = {isa = PBXBuildFile; fileRef = 375112BB1AF9DE7A0016ACEE /* LaunchScreen.xib */; };
		375112C91AF9DE7A0016ACEE /* Day9AppTests.m in Sources */ = {isa = PBXBuildFile; fileRef = 375112C81AF9DE7A0016ACEE /* Day9AppTests.m */; };
/* End PBXBuildFile section */

/* Begin PBXContainerItemProxy section */
		375112C31AF9DE7A0016ACEE /* PBXContainerItemProxy */ = {
			isa = PBXContainerItemProxy;
			containerPortal = 375112A11AF9DE790016ACEE /* Project object */;
			proxyType = 1;
			remoteGlobalIDString = 375112A81AF9DE790016ACEE;
			remoteInfo = Day9App;
		};
/* End PBXContainerItemProxy section */

/* Begin PBXFileReference section */
		375112A91AF9DE790016ACEE /* Day9App.app */ = {isa = PBXFileReference; explicitFileType = wrapper.application; includeInIndex = 0; path = Day9App.app; sourceTree = BUILT_PRODUCTS_DIR; };
		375112AD1AF9DE790016ACEE /* Info.plist */ = {isa = PBXFileReference; lastKnownFileType = text.plist.xml; path = Info.plist; sourceTree = "<group>"; };
		375112AE1AF9DE790016ACEE /* main.m */ = {isa = PBXFileReference; lastKnownFileType = sourcecode.c.objc; path = main.m; sourceTree = "<group>"; };
		375112B01AF9DE790016ACEE /* AppDelegate.h */ = {isa = PBXFileReference; lastKnownFileType = sourcecode.c.h; path = AppDelegate.h; sourceTree = "<group>"; };
		375112B11AF9DE790016ACEE /* AppDelegate.m */ = {isa = PBXFileReference; lastKnownFileType = sourcecode.c.objc; path = AppDelegate.m; sourceTree = "<group>"; };
		375112B31AF9DE790016ACEE /* ViewController.h */ = {isa = PBXFileReference; lastKnownFileType = sourcecode.c.h; path = ViewController.h; sourceTree = "<group>"; };
		375112B41AF9DE7A0016ACEE /* ViewController.m */ = {isa = PBXFileReference; lastKnownFileType = sourcecode.c.objc; path = ViewController.m; sourceTree = "<group>"; };
		375112B71AF9DE7A0016ACEE /* Base */ = {isa = PBXFileReference; lastKnownFileType = file.storyboard; name = Base; path = Base.lproj/Main.storyboard; sourceTree = "<group>"; };
		375112B91AF9DE7A0016ACEE /* Images.xcassets */ = {isa = PBXFileReference; lastKnownFileType = folder.assetcatalog; path = Images.xcassets; sourceTree = "<group>"; };
		375112BC1AF9DE7A0016ACEE /* Base */ = {isa = PBXFileReference; lastKnownFileType = file.xib; name = Base; path = Base.lproj/LaunchScreen.xib; sourceTree = "<group>"; };
		375112C21AF9DE7A0016ACEE /* Day9AppTests.xctest */ = {isa = PBXFileReference; explicitFileType = wrapper.cfbundle; includeInIndex = 0; path = Day9AppTests.xctest; sourceTree = BUILT_PRODUCTS_DIR; };
		375112C71AF9DE7A0016ACEE /* Info.plist */ = {isa = PBXFileReference; lastKnownFileType = text.plist.xml; path = Info.plist; sourceTree = "<group>"; };
		375112C81AF9DE7A0016ACEE /* Day9AppTests.m */ = {isa = PBXFileReference; lastKnownFileType = sourcecode.c.objc; path = Day9AppTests.m; sourceTree = "<group>"; };
/* End PBXFileReference section */

/* Begin PBXFrameworksBuildPhase section */
		375112A61AF9DE790016ACEE /* Frameworks */ = {
			isa = PBXFrameworksBuildPhase;
			buildActionMask = 2147483647;
			files = (
			);
			runOnlyForDeploymentPostprocessing = 0;
		};
		375112BF1AF9DE7A0016ACEE /* Frameworks */ = {
			isa = PBXFrameworksBuildPhase;
			buildActionMask = 2147483647;
			files = (
			);
			runOnlyForDeploymentPostprocessing = 0;
		};
/* End PBXFrameworksBuildPhase section */

/* Begin PBXGroup section */
		375112A01AF9DE790016ACEE = {
			isa = PBXGroup;
			children = (
				375112AB1AF9DE790016ACEE /* Day9App */,
				375112C51AF9DE7A0016ACEE /* Day9AppTests */,
				375112AA1AF9DE790016ACEE /* Products */,
			);
			sourceTree = "<group>";
		};
		375112AA1AF9DE790016ACEE /* Products */ = {
			isa = PBXGroup;
			children = (
				375112A91AF9DE790016ACEE /* Day9App.app */,
				375112C21AF9DE7A0016ACEE /* Day9AppTests.xctest */,
			);
			name = Products;
			sourceTree = "<group>";
		};
		375112AB1AF9DE790016ACEE /* Day9App */ = {
			isa = PBXGroup;
			children = (
				375112B01AF9DE790016ACEE /* AppDelegate.h */,
				375112B11AF9DE790016ACEE /* AppDelegate.m */,
				375112B31AF9DE790016ACEE /* ViewController.h */,
				375112B41AF9DE7A0016ACEE /* ViewController.m */,
				375112B61AF9DE7A0016ACEE /* Main.storyboard */,
				375112B91AF9DE7A0016ACEE /* Images.xcassets */,
				375112BB1AF9DE7A0016ACEE /* LaunchScreen.xib */,
				375112AC1AF9DE790016ACEE /* Supporting Files */,
			);
			path = Day9App;
			sourceTree = "<group>";
		};
		375112AC1AF9DE790016ACEE /* Supporting Files */ = {
			isa = PBXGroup;
			children = (
				375112AD1AF9DE790016ACEE /* Info.plist */,
				375112AE1AF9DE790016ACEE /* main.m */,
			);
			name = "Supporting Files";
			sourceTree = "<group>";
		};
		375112C51AF9DE7A0016ACEE /* Day9AppTests */ = {
			isa = PBXGroup;
			children = (
				375112C81AF9DE7A0016ACEE /* Day9AppTests.m */,
				375112C61AF9DE7A0016ACEE /* Supporting Files */,
			);
			path = Day9AppTests;
			sourceTree = "<group>";
		};
		375112C61AF9DE7A0016ACEE /* Supporting Files */ = {
			isa = PBXGroup;
			children = (
				375112C71AF9DE7A0016ACEE /* Info.plist */,
			);
			name = "Supporting Files";
			sourceTree = "<group>";
		};
/* End PBXGroup section */

/* Begin PBXNativeTarget section */
		375112A81AF9DE790016ACEE /* Day9App */ = {
			isa = PBXNativeTarget;
			buildConfigurationList = 375112CC1AF9DE7A0016ACEE /* Build configuration list for PBXNativeTarget "Day9App" */;
			buildPhases = (
				375112A51AF9DE790016ACEE /* Sources */,
				375112A61AF9DE790016ACEE /* Frameworks */,
				375112A71AF9DE790016ACEE /* Resources */,
			);
			buildRules = (
			);
			dependencies = (
			);
			name = Day9App;
			productName = Day9App;
			productReference = 375112A91AF9DE790016ACEE /* Day9App.app */;
			productType = "com.apple.product-type.application";
		};
		375112C11AF9DE7A0016ACEE /* Day9AppTests */ = {
			isa = PBXNativeTarget;
			buildConfigurationList = 375112CF1AF9DE7A0016ACEE /* Build configuration list for PBXNativeTarget "Day9AppTests" */;
			buildPhases = (
				375112BE1AF9DE7A0016ACEE /* Sources */,
				375112BF1AF9DE7A0016ACEE /* Frameworks */,
				375112C01AF9DE7A0016ACEE /* Resources */,
			);
			buildRules = (
			);
			dependencies = (
				375112C41AF9DE7A0016ACEE /* PBXTargetDependency */,
			);
			name = Day9AppTests;
			productName = Day9AppTests;
			productReference = 375112C21AF9DE7A0016ACEE /* Day9AppTests.xctest */;
			productType = "com.apple.product-type.bundle.unit-test";
		};
/* End PBXNativeTarget section */

/* Begin PBXProject section */
		375112A11AF9DE790016ACEE /* Project object */ = {
			isa = PBXProject;
			attributes = {
				LastUpgradeCheck = 0620;
				ORGANIZATIONNAME = "Dan Luong";
				TargetAttributes = {
					375112A81AF9DE790016ACEE = {
						CreatedOnToolsVersion = 6.2;
					};
					375112C11AF9DE7A0016ACEE = {
						CreatedOnToolsVersion = 6.2;
						TestTargetID = 375112A81AF9DE790016ACEE;
					};
				};
			};
			buildConfigurationList = 375112A41AF9DE790016ACEE /* Build configuration list for PBXProject "Day9App" */;
			compatibilityVersion = "Xcode 3.2";
			developmentRegion = English;
			hasScannedForEncodings = 0;
			knownRegions = (
				en,
				Base,
			);
			mainGroup = 375112A01AF9DE790016ACEE;
			productRefGroup = 375112AA1AF9DE790016ACEE /* Products */;
			projectDirPath = "";
			projectRoot = "";
			targets = (
				375112A81AF9DE790016ACEE /* Day9App */,
				375112C11AF9DE7A0016ACEE /* Day9AppTests */,
			);
		};
/* End PBXProject section */

/* Begin PBXResourcesBuildPhase section */
		375112A71AF9DE790016ACEE /* Resources */ = {
			isa = PBXResourcesBuildPhase;
			buildActionMask = 2147483647;
			files = (
				375112B81AF9DE7A0016ACEE /* Main.storyboard in Resources */,
				375112BD1AF9DE7A0016ACEE /* LaunchScreen.xib in Resources */,
				375112BA1AF9DE7A0016ACEE /* Images.xcassets in Resources */,
			);
			runOnlyForDeploymentPostprocessing = 0;
		};
		375112C01AF9DE7A0016ACEE /* Resources */ = {
			isa = PBXResourcesBuildPhase;
			buildActionMask = 2147483647;
			files = (
			);
			runOnlyForDeploymentPostprocessing = 0;
		};
/* End PBXResourcesBuildPhase section */

/* Begin PBXSourcesBuildPhase section */
		375112A51AF9DE790016ACEE /* Sources */ = {
			isa = PBXSourcesBuildPhase;
			buildActionMask = 2147483647;
			files = (
				375112B51AF9DE7A0016ACEE /* ViewController.m in Sources */,
				375112B21AF9DE790016ACEE /* AppDelegate.m in Sources */,
				375112AF1AF9DE790016ACEE /* main.m in Sources */,
			);
			runOnlyForDeploymentPostprocessing = 0;
		};
		375112BE1AF9DE7A0016ACEE /* Sources */ = {
			isa = PBXSourcesBuildPhase;
			buildActionMask = 2147483647;
			files = (
				375112C91AF9DE7A0016ACEE /* Day9AppTests.m in Sources */,
			);
			runOnlyForDeploymentPostprocessing = 0;
		};
/* End PBXSourcesBuildPhase section */

/* Begin PBXTargetDependency section */
		375112C41AF9DE7A0016ACEE /* PBXTargetDependency */ = {
			isa = PBXTargetDependency;
			target = 375112A81AF9DE790016ACEE /* Day9App */;
			targetProxy = 375112C31AF9DE7A0016ACEE /* PBXContainerItemProxy */;
		};
/* End PBXTargetDependency section */

/* Begin PBXVariantGroup section */
		375112B61AF9DE7A0016ACEE /* Main.storyboard */ = {
			isa = PBXVariantGroup;
			children = (
				375112B71AF9DE7A0016ACEE /* Base */,
			);
			name = Main.storyboard;
			sourceTree = "<group>";
		};
		375112BB1AF9DE7A0016ACEE /* LaunchScreen.xib */ = {
			isa = PBXVariantGroup;
			children = (
				375112BC1AF9DE7A0016ACEE /* Base */,
			);
			name = LaunchScreen.xib;
			sourceTree = "<group>";
		};
/* End PBXVariantGroup section */

/* Begin XCBuildConfiguration section */
		375112CA1AF9DE7A0016ACEE /* Debug */ = {
			isa = XCBuildConfiguration;
			buildSettings = {
				ALWAYS_SEARCH_USER_PATHS = NO;
				CLANG_CXX_LANGUAGE_STANDARD = "gnu++0x";
				CLANG_CXX_LIBRARY = "libc++";
				CLANG_ENABLE_MODULES = YES;
				CLANG_ENABLE_OBJC_ARC = YES;
				CLANG_WARN_BOOL_CONVERSION = YES;
				CLANG_WARN_CONSTANT_CONVERSION = YES;
				CLANG_WARN_DIRECT_OBJC_ISA_USAGE = YES_ERROR;
				CLANG_WARN_EMPTY_BODY = YES;
				CLANG_WARN_ENUM_CONVERSION = YES;
				CLANG_WARN_INT_CONVERSION = YES;
				CLANG_WARN_OBJC_ROOT_CLASS = YES_ERROR;
				CLANG_WARN_UNREACHABLE_CODE = YES;
				CLANG_WARN__DUPLICATE_METHOD_MATCH = YES;
				"CODE_SIGN_IDENTITY[sdk=iphoneos*]" = "iPhone Developer";
				COPY_PHASE_STRIP = NO;
				ENABLE_STRICT_OBJC_MSGSEND = YES;
				GCC_C_LANGUAGE_STANDARD = gnu99;
				GCC_DYNAMIC_NO_PIC = NO;
				GCC_OPTIMIZATION_LEVEL = 0;
				GCC_PREPROCESSOR_DEFINITIONS = (
					"DEBUG=1",
					"$(inherited)",
				);
				GCC_SYMBOLS_PRIVATE_EXTERN = NO;
				GCC_WARN_64_TO_32_BIT_CONVERSION = YES;
				GCC_WARN_ABOUT_RETURN_TYPE = YES_ERROR;
				GCC_WARN_UNDECLARED_SELECTOR = YES;
				GCC_WARN_UNINITIALIZED_AUTOS = YES_AGGRESSIVE;
				GCC_WARN_UNUSED_FUNCTION = YES;
				GCC_WARN_UNUSED_VARIABLE = YES;
				IPHONEOS_DEPLOYMENT_TARGET = 8.2;
				MTL_ENABLE_DEBUG_INFO = YES;
				ONLY_ACTIVE_ARCH = YES;
				SDKROOT = iphoneos;
				TARGETED_DEVICE_FAMILY = "1,2";
			};
			name = Debug;
		};
		375112CB1AF9DE7A0016ACEE /* Release */ = {
			isa = XCBuildConfiguration;
			buildSettings = {
				ALWAYS_SEARCH_USER_PATHS = NO;
				CLANG_CXX_LANGUAGE_STANDARD = "gnu++0x";
				CLANG_CXX_LIBRARY = "libc++";
				CLANG_ENABLE_MODULES = YES;
				CLANG_ENABLE_OBJC_ARC = YES;
				CLANG_WARN_BOOL_CONVERSION = YES;
				CLANG_WARN_CONSTANT_CONVERSION = YES;
				CLANG_WARN_DIRECT_OBJC_ISA_USAGE = YES_ERROR;
				CLANG_WARN_EMPTY_BODY = YES;
				CLANG_WARN_ENUM_CONVERSION = YES;
				CLANG_WARN_INT_CONVERSION = YES;
				CLANG_WARN_OBJC_ROOT_CLASS = YES_ERROR;
				CLANG_WARN_UNREACHABLE_CODE = YES;
				CLANG_WARN__DUPLICATE_METHOD_MATCH = YES;
				"CODE_SIGN_IDENTITY[sdk=iphoneos*]" = "iPhone Developer";
				COPY_PHASE_STRIP = NO;
				ENABLE_NS_ASSERTIONS = NO;
				ENABLE_STRICT_OBJC_MSGSEND = YES;
				GCC_C_LANGUAGE_STANDARD = gnu99;
				GCC_WARN_64_TO_32_BIT_CONVERSION = YES;
				GCC_WARN_ABOUT_RETURN_TYPE = YES_ERROR;
				GCC_WARN_UNDECLARED_SELECTOR = YES;
				GCC_WARN_UNINITIALIZED_AUTOS = YES_AGGRESSIVE;
				GCC_WARN_UNUSED_FUNCTION = YES;
				GCC_WARN_UNUSED_VARIABLE = YES;
				IPHONEOS_DEPLOYMENT_TARGET = 8.2;
				MTL_ENABLE_DEBUG_INFO = NO;
				SDKROOT = iphoneos;
				TARGETED_DEVICE_FAMILY = "1,2";
				VALIDATE_PRODUCT = YES;
			};
			name = Release;
		};
		375112CD1AF9DE7A0016ACEE /* Debug */ = {
			isa = XCBuildConfiguration;
			buildSettings = {
				ASSETCATALOG_COMPILER_APPICON_NAME = AppIcon;
				INFOPLIST_FILE = Day9App/Info.plist;
				LD_RUNPATH_SEARCH_PATHS = "$(inherited) @executable_path/Frameworks";
				PRODUCT_NAME = "$(TARGET_NAME)";
			};
			name = Debug;
		};
		375112CE1AF9DE7A0016ACEE /* Release */ = {
			isa = XCBuildConfiguration;
			buildSettings = {
				ASSETCATALOG_COMPILER_APPICON_NAME = AppIcon;
				INFOPLIST_FILE = Day9App/Info.plist;
				LD_RUNPATH_SEARCH_PATHS = "$(inherited) @executable_path/Frameworks";
				PRODUCT_NAME = "$(TARGET_NAME)";
			};
			name = Release;
		};
		375112D01AF9DE7A0016ACEE /* Debug */ = {
			isa = XCBuildConfiguration;
			buildSettings = {
				BUNDLE_LOADER = "$(TEST_HOST)";
				FRAMEWORK_SEARCH_PATHS = (
					"$(SDKROOT)/Developer/Library/Frameworks",
					"$(inherited)",
				);
				GCC_PREPROCESSOR_DEFINITIONS = (
					"DEBUG=1",
					"$(inherited)",
				);
				INFOPLIST_FILE = Day9AppTests/Info.plist;
				LD_RUNPATH_SEARCH_PATHS = "$(inherited) @executable_path/Frameworks @loader_path/Frameworks";
				PRODUCT_NAME = "$(TARGET_NAME)";
				TEST_HOST = "$(BUILT_PRODUCTS_DIR)/Day9App.app/Day9App";
			};
			name = Debug;
		};
		375112D11AF9DE7A0016ACEE /* Release */ = {
			isa = XCBuildConfiguration;
			buildSettings = {
				BUNDLE_LOADER = "$(TEST_HOST)";
				FRAMEWORK_SEARCH_PATHS = (
					"$(SDKROOT)/Developer/Library/Frameworks",
					"$(inherited)",
				);
				INFOPLIST_FILE = Day9AppTests/Info.plist;
				LD_RUNPATH_SEARCH_PATHS = "$(inherited) @executable_path/Frameworks @loader_path/Frameworks";
				PRODUCT_NAME = "$(TARGET_NAME)";
				TEST_HOST = "$(BUILT_PRODUCTS_DIR)/Day9App.app/Day9App";
			};
			name = Release;
		};
/* End XCBuildConfiguration section */

/* Begin XCConfigurationList section */
		375112A41AF9DE790016ACEE /* Build configuration list for PBXProject "Day9App" */ = {
			isa = XCConfigurationList;
			buildConfigurations = (
				375112CA1AF9DE7A0016ACEE /* Debug */,
				375112CB1AF9DE7A0016ACEE /* Release */,
			);
			defaultConfigurationIsVisible = 0;
			defaultConfigurationName = Release;
		};
		375112CC1AF9DE7A0016ACEE /* Build configuration list for PBXNativeTarget "Day9App" */ = {
			isa = XCConfigurationList;
			buildConfigurations = (
				375112CD1AF9DE7A0016ACEE /* Debug */,
				375112CE1AF9DE7A0016ACEE /* Release */,
			);
			defaultConfigurationIsVisible = 0;
		};
		375112CF1AF9DE7A0016ACEE /* Build configuration list for PBXNativeTarget "Day9AppTests" */ = {
			isa = XCConfigurationList;
			buildConfigurations = (
				375112D01AF9DE7A0016ACEE /* Debug */,
				375112D11AF9DE7A0016ACEE /* Release */,
			);
			defaultConfigurationIsVisible = 0;
		};
/* End XCConfigurationList section */
	};
	rootObject = 375112A11AF9DE790016ACEE /* Project object */;
}
