// !$*UTF8*$!
{
	archiveVersion = 1;
	classes = {
	};
	objectVersion = 46;
	objects = {

/* Begin PBXBuildFile section */
		9C430C831B0177B1003B6808 /* main.m in Sources */ = {isa = PBXBuildFile; fileRef = 9C430C821B0177B1003B6808 /* main.m */; };
		9C430C861B0177B1003B6808 /* AppDelegate.m in Sources */ = {isa = PBXBuildFile; fileRef = 9C430C851B0177B1003B6808 /* AppDelegate.m */; };
		9C430C891B0177B1003B6808 /* ViewController.m in Sources */ = {isa = PBXBuildFile; fileRef = 9C430C881B0177B1003B6808 /* ViewController.m */; };
		9C430C8C1B0177B1003B6808 /* Main.storyboard in Resources */ = {isa = PBXBuildFile; fileRef = 9C430C8A1B0177B1003B6808 /* Main.storyboard */; };
		9C430C8E1B0177B1003B6808 /* Images.xcassets in Resources */ = {isa = PBXBuildFile; fileRef = 9C430C8D1B0177B1003B6808 /* Images.xcassets */; };
		9C430C911B0177B1003B6808 /* LaunchScreen.xib in Resources */ = {isa = PBXBuildFile; fileRef = 9C430C8F1B0177B1003B6808 /* LaunchScreen.xib */; };
		9C430C9D1B0177B1003B6808 /* Day22AppTests.m in Sources */ = {isa = PBXBuildFile; fileRef = 9C430C9C1B0177B1003B6808 /* Day22AppTests.m */; };
/* End PBXBuildFile section */

/* Begin PBXContainerItemProxy section */
		9C430C971B0177B1003B6808 /* PBXContainerItemProxy */ = {
			isa = PBXContainerItemProxy;
			containerPortal = 9C430C751B0177B1003B6808 /* Project object */;
			proxyType = 1;
			remoteGlobalIDString = 9C430C7C1B0177B1003B6808;
			remoteInfo = Day22App;
		};
/* End PBXContainerItemProxy section */

/* Begin PBXFileReference section */
		9C430C7D1B0177B1003B6808 /* Day22App.app */ = {isa = PBXFileReference; explicitFileType = wrapper.application; includeInIndex = 0; path = Day22App.app; sourceTree = BUILT_PRODUCTS_DIR; };
		9C430C811B0177B1003B6808 /* Info.plist */ = {isa = PBXFileReference; lastKnownFileType = text.plist.xml; path = Info.plist; sourceTree = "<group>"; };
		9C430C821B0177B1003B6808 /* main.m */ = {isa = PBXFileReference; lastKnownFileType = sourcecode.c.objc; path = main.m; sourceTree = "<group>"; };
		9C430C841B0177B1003B6808 /* AppDelegate.h */ = {isa = PBXFileReference; lastKnownFileType = sourcecode.c.h; path = AppDelegate.h; sourceTree = "<group>"; };
		9C430C851B0177B1003B6808 /* AppDelegate.m */ = {isa = PBXFileReference; lastKnownFileType = sourcecode.c.objc; path = AppDelegate.m; sourceTree = "<group>"; };
		9C430C871B0177B1003B6808 /* ViewController.h */ = {isa = PBXFileReference; lastKnownFileType = sourcecode.c.h; path = ViewController.h; sourceTree = "<group>"; };
		9C430C881B0177B1003B6808 /* ViewController.m */ = {isa = PBXFileReference; lastKnownFileType = sourcecode.c.objc; path = ViewController.m; sourceTree = "<group>"; };
		9C430C8B1B0177B1003B6808 /* Base */ = {isa = PBXFileReference; lastKnownFileType = file.storyboard; name = Base; path = Base.lproj/Main.storyboard; sourceTree = "<group>"; };
		9C430C8D1B0177B1003B6808 /* Images.xcassets */ = {isa = PBXFileReference; lastKnownFileType = folder.assetcatalog; path = Images.xcassets; sourceTree = "<group>"; };
		9C430C901B0177B1003B6808 /* Base */ = {isa = PBXFileReference; lastKnownFileType = file.xib; name = Base; path = Base.lproj/LaunchScreen.xib; sourceTree = "<group>"; };
		9C430C961B0177B1003B6808 /* Day22AppTests.xctest */ = {isa = PBXFileReference; explicitFileType = wrapper.cfbundle; includeInIndex = 0; path = Day22AppTests.xctest; sourceTree = BUILT_PRODUCTS_DIR; };
		9C430C9B1B0177B1003B6808 /* Info.plist */ = {isa = PBXFileReference; lastKnownFileType = text.plist.xml; path = Info.plist; sourceTree = "<group>"; };
		9C430C9C1B0177B1003B6808 /* Day22AppTests.m */ = {isa = PBXFileReference; lastKnownFileType = sourcecode.c.objc; path = Day22AppTests.m; sourceTree = "<group>"; };
/* End PBXFileReference section */

/* Begin PBXFrameworksBuildPhase section */
		9C430C7A1B0177B1003B6808 /* Frameworks */ = {
			isa = PBXFrameworksBuildPhase;
			buildActionMask = 2147483647;
			files = (
			);
			runOnlyForDeploymentPostprocessing = 0;
		};
		9C430C931B0177B1003B6808 /* Frameworks */ = {
			isa = PBXFrameworksBuildPhase;
			buildActionMask = 2147483647;
			files = (
			);
			runOnlyForDeploymentPostprocessing = 0;
		};
/* End PBXFrameworksBuildPhase section */

/* Begin PBXGroup section */
		9C430C741B0177B1003B6808 = {
			isa = PBXGroup;
			children = (
				9C430C7F1B0177B1003B6808 /* Day22App */,
				9C430C991B0177B1003B6808 /* Day22AppTests */,
				9C430C7E1B0177B1003B6808 /* Products */,
			);
			sourceTree = "<group>";
		};
		9C430C7E1B0177B1003B6808 /* Products */ = {
			isa = PBXGroup;
			children = (
				9C430C7D1B0177B1003B6808 /* Day22App.app */,
				9C430C961B0177B1003B6808 /* Day22AppTests.xctest */,
			);
			name = Products;
			sourceTree = "<group>";
		};
		9C430C7F1B0177B1003B6808 /* Day22App */ = {
			isa = PBXGroup;
			children = (
				9C430C841B0177B1003B6808 /* AppDelegate.h */,
				9C430C851B0177B1003B6808 /* AppDelegate.m */,
				9C430C871B0177B1003B6808 /* ViewController.h */,
				9C430C881B0177B1003B6808 /* ViewController.m */,
				9C430C8A1B0177B1003B6808 /* Main.storyboard */,
				9C430C8D1B0177B1003B6808 /* Images.xcassets */,
				9C430C8F1B0177B1003B6808 /* LaunchScreen.xib */,
				9C430C801B0177B1003B6808 /* Supporting Files */,
			);
			path = Day22App;
			sourceTree = "<group>";
		};
		9C430C801B0177B1003B6808 /* Supporting Files */ = {
			isa = PBXGroup;
			children = (
				9C430C811B0177B1003B6808 /* Info.plist */,
				9C430C821B0177B1003B6808 /* main.m */,
			);
			name = "Supporting Files";
			sourceTree = "<group>";
		};
		9C430C991B0177B1003B6808 /* Day22AppTests */ = {
			isa = PBXGroup;
			children = (
				9C430C9C1B0177B1003B6808 /* Day22AppTests.m */,
				9C430C9A1B0177B1003B6808 /* Supporting Files */,
			);
			path = Day22AppTests;
			sourceTree = "<group>";
		};
		9C430C9A1B0177B1003B6808 /* Supporting Files */ = {
			isa = PBXGroup;
			children = (
				9C430C9B1B0177B1003B6808 /* Info.plist */,
			);
			name = "Supporting Files";
			sourceTree = "<group>";
		};
/* End PBXGroup section */

/* Begin PBXNativeTarget section */
		9C430C7C1B0177B1003B6808 /* Day22App */ = {
			isa = PBXNativeTarget;
			buildConfigurationList = 9C430CA01B0177B1003B6808 /* Build configuration list for PBXNativeTarget "Day22App" */;
			buildPhases = (
				9C430C791B0177B1003B6808 /* Sources */,
				9C430C7A1B0177B1003B6808 /* Frameworks */,
				9C430C7B1B0177B1003B6808 /* Resources */,
			);
			buildRules = (
			);
			dependencies = (
			);
			name = Day22App;
			productName = Day22App;
			productReference = 9C430C7D1B0177B1003B6808 /* Day22App.app */;
			productType = "com.apple.product-type.application";
		};
		9C430C951B0177B1003B6808 /* Day22AppTests */ = {
			isa = PBXNativeTarget;
			buildConfigurationList = 9C430CA31B0177B1003B6808 /* Build configuration list for PBXNativeTarget "Day22AppTests" */;
			buildPhases = (
				9C430C921B0177B1003B6808 /* Sources */,
				9C430C931B0177B1003B6808 /* Frameworks */,
				9C430C941B0177B1003B6808 /* Resources */,
			);
			buildRules = (
			);
			dependencies = (
				9C430C981B0177B1003B6808 /* PBXTargetDependency */,
			);
			name = Day22AppTests;
			productName = Day22AppTests;
			productReference = 9C430C961B0177B1003B6808 /* Day22AppTests.xctest */;
			productType = "com.apple.product-type.bundle.unit-test";
		};
/* End PBXNativeTarget section */

/* Begin PBXProject section */
		9C430C751B0177B1003B6808 /* Project object */ = {
			isa = PBXProject;
			attributes = {
				LastUpgradeCheck = 0630;
				ORGANIZATIONNAME = "Dan Luong";
				TargetAttributes = {
					9C430C7C1B0177B1003B6808 = {
						CreatedOnToolsVersion = 6.3.1;
					};
					9C430C951B0177B1003B6808 = {
						CreatedOnToolsVersion = 6.3.1;
						TestTargetID = 9C430C7C1B0177B1003B6808;
					};
				};
			};
			buildConfigurationList = 9C430C781B0177B1003B6808 /* Build configuration list for PBXProject "Day22App" */;
			compatibilityVersion = "Xcode 3.2";
			developmentRegion = English;
			hasScannedForEncodings = 0;
			knownRegions = (
				en,
				Base,
			);
			mainGroup = 9C430C741B0177B1003B6808;
			productRefGroup = 9C430C7E1B0177B1003B6808 /* Products */;
			projectDirPath = "";
			projectRoot = "";
			targets = (
				9C430C7C1B0177B1003B6808 /* Day22App */,
				9C430C951B0177B1003B6808 /* Day22AppTests */,
			);
		};
/* End PBXProject section */

/* Begin PBXResourcesBuildPhase section */
		9C430C7B1B0177B1003B6808 /* Resources */ = {
			isa = PBXResourcesBuildPhase;
			buildActionMask = 2147483647;
			files = (
				9C430C8C1B0177B1003B6808 /* Main.storyboard in Resources */,
				9C430C911B0177B1003B6808 /* LaunchScreen.xib in Resources */,
				9C430C8E1B0177B1003B6808 /* Images.xcassets in Resources */,
			);
			runOnlyForDeploymentPostprocessing = 0;
		};
		9C430C941B0177B1003B6808 /* Resources */ = {
			isa = PBXResourcesBuildPhase;
			buildActionMask = 2147483647;
			files = (
			);
			runOnlyForDeploymentPostprocessing = 0;
		};
/* End PBXResourcesBuildPhase section */

/* Begin PBXSourcesBuildPhase section */
		9C430C791B0177B1003B6808 /* Sources */ = {
			isa = PBXSourcesBuildPhase;
			buildActionMask = 2147483647;
			files = (
				9C430C891B0177B1003B6808 /* ViewController.m in Sources */,
				9C430C861B0177B1003B6808 /* AppDelegate.m in Sources */,
				9C430C831B0177B1003B6808 /* main.m in Sources */,
			);
			runOnlyForDeploymentPostprocessing = 0;
		};
		9C430C921B0177B1003B6808 /* Sources */ = {
			isa = PBXSourcesBuildPhase;
			buildActionMask = 2147483647;
			files = (
				9C430C9D1B0177B1003B6808 /* Day22AppTests.m in Sources */,
			);
			runOnlyForDeploymentPostprocessing = 0;
		};
/* End PBXSourcesBuildPhase section */

/* Begin PBXTargetDependency section */
		9C430C981B0177B1003B6808 /* PBXTargetDependency */ = {
			isa = PBXTargetDependency;
			target = 9C430C7C1B0177B1003B6808 /* Day22App */;
			targetProxy = 9C430C971B0177B1003B6808 /* PBXContainerItemProxy */;
		};
/* End PBXTargetDependency section */

/* Begin PBXVariantGroup section */
		9C430C8A1B0177B1003B6808 /* Main.storyboard */ = {
			isa = PBXVariantGroup;
			children = (
				9C430C8B1B0177B1003B6808 /* Base */,
			);
			name = Main.storyboard;
			sourceTree = "<group>";
		};
		9C430C8F1B0177B1003B6808 /* LaunchScreen.xib */ = {
			isa = PBXVariantGroup;
			children = (
				9C430C901B0177B1003B6808 /* Base */,
			);
			name = LaunchScreen.xib;
			sourceTree = "<group>";
		};
/* End PBXVariantGroup section */

/* Begin XCBuildConfiguration section */
		9C430C9E1B0177B1003B6808 /* Debug */ = {
			isa = XCBuildConfiguration;
			buildSettings = {
				ALWAYS_SEARCH_USER_PATHS = NO;
				CLANG_CXX_LANGUAGE_STANDARD = "gnu++0x";
				CLANG_CXX_LIBRARY = "libc++";
				CLANG_ENABLE_MODULES = YES;
				CLANG_ENABLE_OBJC_ARC = YES;
				CLANG_WARN_BOOL_CONVERSION = YES;
				CLANG_WARN_CONSTANT_CONVERSION = YES;
				CLANG_WARN_DIRECT_OBJC_ISA_USAGE = YES_ERROR;
				CLANG_WARN_EMPTY_BODY = YES;
				CLANG_WARN_ENUM_CONVERSION = YES;
				CLANG_WARN_INT_CONVERSION = YES;
				CLANG_WARN_OBJC_ROOT_CLASS = YES_ERROR;
				CLANG_WARN_UNREACHABLE_CODE = YES;
				CLANG_WARN__DUPLICATE_METHOD_MATCH = YES;
				"CODE_SIGN_IDENTITY[sdk=iphoneos*]" = "iPhone Developer";
				COPY_PHASE_STRIP = NO;
				DEBUG_INFORMATION_FORMAT = "dwarf-with-dsym";
				ENABLE_STRICT_OBJC_MSGSEND = YES;
				GCC_C_LANGUAGE_STANDARD = gnu99;
				GCC_DYNAMIC_NO_PIC = NO;
				GCC_NO_COMMON_BLOCKS = YES;
				GCC_OPTIMIZATION_LEVEL = 0;
				GCC_PREPROCESSOR_DEFINITIONS = (
					"DEBUG=1",
					"$(inherited)",
				);
				GCC_SYMBOLS_PRIVATE_EXTERN = NO;
				GCC_WARN_64_TO_32_BIT_CONVERSION = YES;
				GCC_WARN_ABOUT_RETURN_TYPE = YES_ERROR;
				GCC_WARN_UNDECLARED_SELECTOR = YES;
				GCC_WARN_UNINITIALIZED_AUTOS = YES_AGGRESSIVE;
				GCC_WARN_UNUSED_FUNCTION = YES;
				GCC_WARN_UNUSED_VARIABLE = YES;
				IPHONEOS_DEPLOYMENT_TARGET = 8.3;
				MTL_ENABLE_DEBUG_INFO = YES;
				ONLY_ACTIVE_ARCH = YES;
				SDKROOT = iphoneos;
				TARGETED_DEVICE_FAMILY = "1,2";
			};
			name = Debug;
		};
		9C430C9F1B0177B1003B6808 /* Release */ = {
			isa = XCBuildConfiguration;
			buildSettings = {
				ALWAYS_SEARCH_USER_PATHS = NO;
				CLANG_CXX_LANGUAGE_STANDARD = "gnu++0x";
				CLANG_CXX_LIBRARY = "libc++";
				CLANG_ENABLE_MODULES = YES;
				CLANG_ENABLE_OBJC_ARC = YES;
				CLANG_WARN_BOOL_CONVERSION = YES;
				CLANG_WARN_CONSTANT_CONVERSION = YES;
				CLANG_WARN_DIRECT_OBJC_ISA_USAGE = YES_ERROR;
				CLANG_WARN_EMPTY_BODY = YES;
				CLANG_WARN_ENUM_CONVERSION = YES;
				CLANG_WARN_INT_CONVERSION = YES;
				CLANG_WARN_OBJC_ROOT_CLASS = YES_ERROR;
				CLANG_WARN_UNREACHABLE_CODE = YES;
				CLANG_WARN__DUPLICATE_METHOD_MATCH = YES;
				"CODE_SIGN_IDENTITY[sdk=iphoneos*]" = "iPhone Developer";
				COPY_PHASE_STRIP = NO;
				DEBUG_INFORMATION_FORMAT = "dwarf-with-dsym";
				ENABLE_NS_ASSERTIONS = NO;
				ENABLE_STRICT_OBJC_MSGSEND = YES;
				GCC_C_LANGUAGE_STANDARD = gnu99;
				GCC_NO_COMMON_BLOCKS = YES;
				GCC_WARN_64_TO_32_BIT_CONVERSION = YES;
				GCC_WARN_ABOUT_RETURN_TYPE = YES_ERROR;
				GCC_WARN_UNDECLARED_SELECTOR = YES;
				GCC_WARN_UNINITIALIZED_AUTOS = YES_AGGRESSIVE;
				GCC_WARN_UNUSED_FUNCTION = YES;
				GCC_WARN_UNUSED_VARIABLE = YES;
				IPHONEOS_DEPLOYMENT_TARGET = 8.3;
				MTL_ENABLE_DEBUG_INFO = NO;
				SDKROOT = iphoneos;
				TARGETED_DEVICE_FAMILY = "1,2";
				VALIDATE_PRODUCT = YES;
			};
			name = Release;
		};
		9C430CA11B0177B1003B6808 /* Debug */ = {
			isa = XCBuildConfiguration;
			buildSettings = {
				ASSETCATALOG_COMPILER_APPICON_NAME = AppIcon;
				INFOPLIST_FILE = Day22App/Info.plist;
				LD_RUNPATH_SEARCH_PATHS = "$(inherited) @executable_path/Frameworks";
				PRODUCT_NAME = "$(TARGET_NAME)";
			};
			name = Debug;
		};
		9C430CA21B0177B1003B6808 /* Release */ = {
			isa = XCBuildConfiguration;
			buildSettings = {
				ASSETCATALOG_COMPILER_APPICON_NAME = AppIcon;
				INFOPLIST_FILE = Day22App/Info.plist;
				LD_RUNPATH_SEARCH_PATHS = "$(inherited) @executable_path/Frameworks";
				PRODUCT_NAME = "$(TARGET_NAME)";
			};
			name = Release;
		};
		9C430CA41B0177B1003B6808 /* Debug */ = {
			isa = XCBuildConfiguration;
			buildSettings = {
				BUNDLE_LOADER = "$(TEST_HOST)";
				FRAMEWORK_SEARCH_PATHS = (
					"$(SDKROOT)/Developer/Library/Frameworks",
					"$(inherited)",
				);
				GCC_PREPROCESSOR_DEFINITIONS = (
					"DEBUG=1",
					"$(inherited)",
				);
				INFOPLIST_FILE = Day22AppTests/Info.plist;
				LD_RUNPATH_SEARCH_PATHS = "$(inherited) @executable_path/Frameworks @loader_path/Frameworks";
				PRODUCT_NAME = "$(TARGET_NAME)";
				TEST_HOST = "$(BUILT_PRODUCTS_DIR)/Day22App.app/Day22App";
			};
			name = Debug;
		};
		9C430CA51B0177B1003B6808 /* Release */ = {
			isa = XCBuildConfiguration;
			buildSettings = {
				BUNDLE_LOADER = "$(TEST_HOST)";
				FRAMEWORK_SEARCH_PATHS = (
					"$(SDKROOT)/Developer/Library/Frameworks",
					"$(inherited)",
				);
				INFOPLIST_FILE = Day22AppTests/Info.plist;
				LD_RUNPATH_SEARCH_PATHS = "$(inherited) @executable_path/Frameworks @loader_path/Frameworks";
				PRODUCT_NAME = "$(TARGET_NAME)";
				TEST_HOST = "$(BUILT_PRODUCTS_DIR)/Day22App.app/Day22App";
			};
			name = Release;
		};
/* End XCBuildConfiguration section */

/* Begin XCConfigurationList section */
		9C430C781B0177B1003B6808 /* Build configuration list for PBXProject "Day22App" */ = {
			isa = XCConfigurationList;
			buildConfigurations = (
				9C430C9E1B0177B1003B6808 /* Debug */,
				9C430C9F1B0177B1003B6808 /* Release */,
			);
			defaultConfigurationIsVisible = 0;
			defaultConfigurationName = Release;
		};
		9C430CA01B0177B1003B6808 /* Build configuration list for PBXNativeTarget "Day22App" */ = {
			isa = XCConfigurationList;
			buildConfigurations = (
				9C430CA11B0177B1003B6808 /* Debug */,
				9C430CA21B0177B1003B6808 /* Release */,
			);
			defaultConfigurationIsVisible = 0;
		};
		9C430CA31B0177B1003B6808 /* Build configuration list for PBXNativeTarget "Day22AppTests" */ = {
			isa = XCConfigurationList;
			buildConfigurations = (
				9C430CA41B0177B1003B6808 /* Debug */,
				9C430CA51B0177B1003B6808 /* Release */,
			);
			defaultConfigurationIsVisible = 0;
		};
/* End XCConfigurationList section */
	};
	rootObject = 9C430C751B0177B1003B6808 /* Project object */;
}
