// !$*UTF8*$!
{
	archiveVersion = 1;
	classes = {
	};
	objectVersion = 46;
	objects = {

/* Begin PBXBuildFile section */
		9C14D29E1B04F77900D2F455 /* main.m in Sources */ = {isa = PBXBuildFile; fileRef = 9C14D29D1B04F77900D2F455 /* main.m */; };
		9C14D2A11B04F77900D2F455 /* AppDelegate.m in Sources */ = {isa = PBXBuildFile; fileRef = 9C14D2A01B04F77900D2F455 /* AppDelegate.m */; };
		9C14D2A41B04F77900D2F455 /* ViewController.m in Sources */ = {isa = PBXBuildFile; fileRef = 9C14D2A31B04F77900D2F455 /* ViewController.m */; };
		9C14D2A71B04F77900D2F455 /* Main.storyboard in Resources */ = {isa = PBXBuildFile; fileRef = 9C14D2A51B04F77900D2F455 /* Main.storyboard */; };
		9C14D2A91B04F77900D2F455 /* Images.xcassets in Resources */ = {isa = PBXBuildFile; fileRef = 9C14D2A81B04F77900D2F455 /* Images.xcassets */; };
		9C14D2AC1B04F77900D2F455 /* LaunchScreen.xib in Resources */ = {isa = PBXBuildFile; fileRef = 9C14D2AA1B04F77900D2F455 /* LaunchScreen.xib */; };
		9C14D2B81B04F77900D2F455 /* Day29AppTests.m in Sources */ = {isa = PBXBuildFile; fileRef = 9C14D2B71B04F77900D2F455 /* Day29AppTests.m */; };
		9C14D2C21B04F95200D2F455 /* iAd.framework in Frameworks */ = {isa = PBXBuildFile; fileRef = 9C14D2C11B04F95200D2F455 /* iAd.framework */; };
/* End PBXBuildFile section */

/* Begin PBXContainerItemProxy section */
		9C14D2B21B04F77900D2F455 /* PBXContainerItemProxy */ = {
			isa = PBXContainerItemProxy;
			containerPortal = 9C14D2901B04F77900D2F455 /* Project object */;
			proxyType = 1;
			remoteGlobalIDString = 9C14D2971B04F77900D2F455;
			remoteInfo = Day29App;
		};
/* End PBXContainerItemProxy section */

/* Begin PBXFileReference section */
		9C14D2981B04F77900D2F455 /* Day29App.app */ = {isa = PBXFileReference; explicitFileType = wrapper.application; includeInIndex = 0; path = Day29App.app; sourceTree = BUILT_PRODUCTS_DIR; };
		9C14D29C1B04F77900D2F455 /* Info.plist */ = {isa = PBXFileReference; lastKnownFileType = text.plist.xml; path = Info.plist; sourceTree = "<group>"; };
		9C14D29D1B04F77900D2F455 /* main.m */ = {isa = PBXFileReference; lastKnownFileType = sourcecode.c.objc; path = main.m; sourceTree = "<group>"; };
		9C14D29F1B04F77900D2F455 /* AppDelegate.h */ = {isa = PBXFileReference; lastKnownFileType = sourcecode.c.h; path = AppDelegate.h; sourceTree = "<group>"; };
		9C14D2A01B04F77900D2F455 /* AppDelegate.m */ = {isa = PBXFileReference; lastKnownFileType = sourcecode.c.objc; path = AppDelegate.m; sourceTree = "<group>"; };
		9C14D2A21B04F77900D2F455 /* ViewController.h */ = {isa = PBXFileReference; lastKnownFileType = sourcecode.c.h; path = ViewController.h; sourceTree = "<group>"; };
		9C14D2A31B04F77900D2F455 /* ViewController.m */ = {isa = PBXFileReference; lastKnownFileType = sourcecode.c.objc; path = ViewController.m; sourceTree = "<group>"; };
		9C14D2A61B04F77900D2F455 /* Base */ = {isa = PBXFileReference; lastKnownFileType = file.storyboard; name = Base; path = Base.lproj/Main.storyboard; sourceTree = "<group>"; };
		9C14D2A81B04F77900D2F455 /* Images.xcassets */ = {isa = PBXFileReference; lastKnownFileType = folder.assetcatalog; path = Images.xcassets; sourceTree = "<group>"; };
		9C14D2AB1B04F77900D2F455 /* Base */ = {isa = PBXFileReference; lastKnownFileType = file.xib; name = Base; path = Base.lproj/LaunchScreen.xib; sourceTree = "<group>"; };
		9C14D2B11B04F77900D2F455 /* Day29AppTests.xctest */ = {isa = PBXFileReference; explicitFileType = wrapper.cfbundle; includeInIndex = 0; path = Day29AppTests.xctest; sourceTree = BUILT_PRODUCTS_DIR; };
		9C14D2B61B04F77900D2F455 /* Info.plist */ = {isa = PBXFileReference; lastKnownFileType = text.plist.xml; path = Info.plist; sourceTree = "<group>"; };
		9C14D2B71B04F77900D2F455 /* Day29AppTests.m */ = {isa = PBXFileReference; lastKnownFileType = sourcecode.c.objc; path = Day29AppTests.m; sourceTree = "<group>"; };
		9C14D2C11B04F95200D2F455 /* iAd.framework */ = {isa = PBXFileReference; lastKnownFileType = wrapper.framework; name = iAd.framework; path = System/Library/Frameworks/iAd.framework; sourceTree = SDKROOT; };
/* End PBXFileReference section */

/* Begin PBXFrameworksBuildPhase section */
		9C14D2951B04F77900D2F455 /* Frameworks */ = {
			isa = PBXFrameworksBuildPhase;
			buildActionMask = 2147483647;
			files = (
				9C14D2C21B04F95200D2F455 /* iAd.framework in Frameworks */,
			);
			runOnlyForDeploymentPostprocessing = 0;
		};
		9C14D2AE1B04F77900D2F455 /* Frameworks */ = {
			isa = PBXFrameworksBuildPhase;
			buildActionMask = 2147483647;
			files = (
			);
			runOnlyForDeploymentPostprocessing = 0;
		};
/* End PBXFrameworksBuildPhase section */

/* Begin PBXGroup section */
		9C14D28F1B04F77900D2F455 = {
			isa = PBXGroup;
			children = (
				9C14D2C11B04F95200D2F455 /* iAd.framework */,
				9C14D29A1B04F77900D2F455 /* Day29App */,
				9C14D2B41B04F77900D2F455 /* Day29AppTests */,
				9C14D2991B04F77900D2F455 /* Products */,
			);
			sourceTree = "<group>";
		};
		9C14D2991B04F77900D2F455 /* Products */ = {
			isa = PBXGroup;
			children = (
				9C14D2981B04F77900D2F455 /* Day29App.app */,
				9C14D2B11B04F77900D2F455 /* Day29AppTests.xctest */,
			);
			name = Products;
			sourceTree = "<group>";
		};
		9C14D29A1B04F77900D2F455 /* Day29App */ = {
			isa = PBXGroup;
			children = (
				9C14D29F1B04F77900D2F455 /* AppDelegate.h */,
				9C14D2A01B04F77900D2F455 /* AppDelegate.m */,
				9C14D2A21B04F77900D2F455 /* ViewController.h */,
				9C14D2A31B04F77900D2F455 /* ViewController.m */,
				9C14D2A51B04F77900D2F455 /* Main.storyboard */,
				9C14D2A81B04F77900D2F455 /* Images.xcassets */,
				9C14D2AA1B04F77900D2F455 /* LaunchScreen.xib */,
				9C14D29B1B04F77900D2F455 /* Supporting Files */,
			);
			path = Day29App;
			sourceTree = "<group>";
		};
		9C14D29B1B04F77900D2F455 /* Supporting Files */ = {
			isa = PBXGroup;
			children = (
				9C14D29C1B04F77900D2F455 /* Info.plist */,
				9C14D29D1B04F77900D2F455 /* main.m */,
			);
			name = "Supporting Files";
			sourceTree = "<group>";
		};
		9C14D2B41B04F77900D2F455 /* Day29AppTests */ = {
			isa = PBXGroup;
			children = (
				9C14D2B71B04F77900D2F455 /* Day29AppTests.m */,
				9C14D2B51B04F77900D2F455 /* Supporting Files */,
			);
			path = Day29AppTests;
			sourceTree = "<group>";
		};
		9C14D2B51B04F77900D2F455 /* Supporting Files */ = {
			isa = PBXGroup;
			children = (
				9C14D2B61B04F77900D2F455 /* Info.plist */,
			);
			name = "Supporting Files";
			sourceTree = "<group>";
		};
/* End PBXGroup section */

/* Begin PBXNativeTarget section */
		9C14D2971B04F77900D2F455 /* Day29App */ = {
			isa = PBXNativeTarget;
			buildConfigurationList = 9C14D2BB1B04F77900D2F455 /* Build configuration list for PBXNativeTarget "Day29App" */;
			buildPhases = (
				9C14D2941B04F77900D2F455 /* Sources */,
				9C14D2951B04F77900D2F455 /* Frameworks */,
				9C14D2961B04F77900D2F455 /* Resources */,
			);
			buildRules = (
			);
			dependencies = (
			);
			name = Day29App;
			productName = Day29App;
			productReference = 9C14D2981B04F77900D2F455 /* Day29App.app */;
			productType = "com.apple.product-type.application";
		};
		9C14D2B01B04F77900D2F455 /* Day29AppTests */ = {
			isa = PBXNativeTarget;
			buildConfigurationList = 9C14D2BE1B04F77900D2F455 /* Build configuration list for PBXNativeTarget "Day29AppTests" */;
			buildPhases = (
				9C14D2AD1B04F77900D2F455 /* Sources */,
				9C14D2AE1B04F77900D2F455 /* Frameworks */,
				9C14D2AF1B04F77900D2F455 /* Resources */,
			);
			buildRules = (
			);
			dependencies = (
				9C14D2B31B04F77900D2F455 /* PBXTargetDependency */,
			);
			name = Day29AppTests;
			productName = Day29AppTests;
			productReference = 9C14D2B11B04F77900D2F455 /* Day29AppTests.xctest */;
			productType = "com.apple.product-type.bundle.unit-test";
		};
/* End PBXNativeTarget section */

/* Begin PBXProject section */
		9C14D2901B04F77900D2F455 /* Project object */ = {
			isa = PBXProject;
			attributes = {
				LastUpgradeCheck = 0630;
				ORGANIZATIONNAME = "Dan Luong";
				TargetAttributes = {
					9C14D2971B04F77900D2F455 = {
						CreatedOnToolsVersion = 6.3.1;
					};
					9C14D2B01B04F77900D2F455 = {
						CreatedOnToolsVersion = 6.3.1;
						TestTargetID = 9C14D2971B04F77900D2F455;
					};
				};
			};
			buildConfigurationList = 9C14D2931B04F77900D2F455 /* Build configuration list for PBXProject "Day29App" */;
			compatibilityVersion = "Xcode 3.2";
			developmentRegion = English;
			hasScannedForEncodings = 0;
			knownRegions = (
				en,
				Base,
			);
			mainGroup = 9C14D28F1B04F77900D2F455;
			productRefGroup = 9C14D2991B04F77900D2F455 /* Products */;
			projectDirPath = "";
			projectRoot = "";
			targets = (
				9C14D2971B04F77900D2F455 /* Day29App */,
				9C14D2B01B04F77900D2F455 /* Day29AppTests */,
			);
		};
/* End PBXProject section */

/* Begin PBXResourcesBuildPhase section */
		9C14D2961B04F77900D2F455 /* Resources */ = {
			isa = PBXResourcesBuildPhase;
			buildActionMask = 2147483647;
			files = (
				9C14D2A71B04F77900D2F455 /* Main.storyboard in Resources */,
				9C14D2AC1B04F77900D2F455 /* LaunchScreen.xib in Resources */,
				9C14D2A91B04F77900D2F455 /* Images.xcassets in Resources */,
			);
			runOnlyForDeploymentPostprocessing = 0;
		};
		9C14D2AF1B04F77900D2F455 /* Resources */ = {
			isa = PBXResourcesBuildPhase;
			buildActionMask = 2147483647;
			files = (
			);
			runOnlyForDeploymentPostprocessing = 0;
		};
/* End PBXResourcesBuildPhase section */

/* Begin PBXSourcesBuildPhase section */
		9C14D2941B04F77900D2F455 /* Sources */ = {
			isa = PBXSourcesBuildPhase;
			buildActionMask = 2147483647;
			files = (
				9C14D2A41B04F77900D2F455 /* ViewController.m in Sources */,
				9C14D2A11B04F77900D2F455 /* AppDelegate.m in Sources */,
				9C14D29E1B04F77900D2F455 /* main.m in Sources */,
			);
			runOnlyForDeploymentPostprocessing = 0;
		};
		9C14D2AD1B04F77900D2F455 /* Sources */ = {
			isa = PBXSourcesBuildPhase;
			buildActionMask = 2147483647;
			files = (
				9C14D2B81B04F77900D2F455 /* Day29AppTests.m in Sources */,
			);
			runOnlyForDeploymentPostprocessing = 0;
		};
/* End PBXSourcesBuildPhase section */

/* Begin PBXTargetDependency section */
		9C14D2B31B04F77900D2F455 /* PBXTargetDependency */ = {
			isa = PBXTargetDependency;
			target = 9C14D2971B04F77900D2F455 /* Day29App */;
			targetProxy = 9C14D2B21B04F77900D2F455 /* PBXContainerItemProxy */;
		};
/* End PBXTargetDependency section */

/* Begin PBXVariantGroup section */
		9C14D2A51B04F77900D2F455 /* Main.storyboard */ = {
			isa = PBXVariantGroup;
			children = (
				9C14D2A61B04F77900D2F455 /* Base */,
			);
			name = Main.storyboard;
			sourceTree = "<group>";
		};
		9C14D2AA1B04F77900D2F455 /* LaunchScreen.xib */ = {
			isa = PBXVariantGroup;
			children = (
				9C14D2AB1B04F77900D2F455 /* Base */,
			);
			name = LaunchScreen.xib;
			sourceTree = "<group>";
		};
/* End PBXVariantGroup section */

/* Begin XCBuildConfiguration section */
		9C14D2B91B04F77900D2F455 /* Debug */ = {
			isa = XCBuildConfiguration;
			buildSettings = {
				ALWAYS_SEARCH_USER_PATHS = NO;
				CLANG_CXX_LANGUAGE_STANDARD = "gnu++0x";
				CLANG_CXX_LIBRARY = "libc++";
				CLANG_ENABLE_MODULES = YES;
				CLANG_ENABLE_OBJC_ARC = YES;
				CLANG_WARN_BOOL_CONVERSION = YES;
				CLANG_WARN_CONSTANT_CONVERSION = YES;
				CLANG_WARN_DIRECT_OBJC_ISA_USAGE = YES_ERROR;
				CLANG_WARN_EMPTY_BODY = YES;
				CLANG_WARN_ENUM_CONVERSION = YES;
				CLANG_WARN_INT_CONVERSION = YES;
				CLANG_WARN_OBJC_ROOT_CLASS = YES_ERROR;
				CLANG_WARN_UNREACHABLE_CODE = YES;
				CLANG_WARN__DUPLICATE_METHOD_MATCH = YES;
				"CODE_SIGN_IDENTITY[sdk=iphoneos*]" = "iPhone Developer";
				COPY_PHASE_STRIP = NO;
				DEBUG_INFORMATION_FORMAT = "dwarf-with-dsym";
				ENABLE_STRICT_OBJC_MSGSEND = YES;
				GCC_C_LANGUAGE_STANDARD = gnu99;
				GCC_DYNAMIC_NO_PIC = NO;
				GCC_NO_COMMON_BLOCKS = YES;
				GCC_OPTIMIZATION_LEVEL = 0;
				GCC_PREPROCESSOR_DEFINITIONS = (
					"DEBUG=1",
					"$(inherited)",
				);
				GCC_SYMBOLS_PRIVATE_EXTERN = NO;
				GCC_WARN_64_TO_32_BIT_CONVERSION = YES;
				GCC_WARN_ABOUT_RETURN_TYPE = YES_ERROR;
				GCC_WARN_UNDECLARED_SELECTOR = YES;
				GCC_WARN_UNINITIALIZED_AUTOS = YES_AGGRESSIVE;
				GCC_WARN_UNUSED_FUNCTION = YES;
				GCC_WARN_UNUSED_VARIABLE = YES;
				IPHONEOS_DEPLOYMENT_TARGET = 8.3;
				MTL_ENABLE_DEBUG_INFO = YES;
				ONLY_ACTIVE_ARCH = YES;
				SDKROOT = iphoneos;
				TARGETED_DEVICE_FAMILY = "1,2";
			};
			name = Debug;
		};
		9C14D2BA1B04F77900D2F455 /* Release */ = {
			isa = XCBuildConfiguration;
			buildSettings = {
				ALWAYS_SEARCH_USER_PATHS = NO;
				CLANG_CXX_LANGUAGE_STANDARD = "gnu++0x";
				CLANG_CXX_LIBRARY = "libc++";
				CLANG_ENABLE_MODULES = YES;
				CLANG_ENABLE_OBJC_ARC = YES;
				CLANG_WARN_BOOL_CONVERSION = YES;
				CLANG_WARN_CONSTANT_CONVERSION = YES;
				CLANG_WARN_DIRECT_OBJC_ISA_USAGE = YES_ERROR;
				CLANG_WARN_EMPTY_BODY = YES;
				CLANG_WARN_ENUM_CONVERSION = YES;
				CLANG_WARN_INT_CONVERSION = YES;
				CLANG_WARN_OBJC_ROOT_CLASS = YES_ERROR;
				CLANG_WARN_UNREACHABLE_CODE = YES;
				CLANG_WARN__DUPLICATE_METHOD_MATCH = YES;
				"CODE_SIGN_IDENTITY[sdk=iphoneos*]" = "iPhone Developer";
				COPY_PHASE_STRIP = NO;
				DEBUG_INFORMATION_FORMAT = "dwarf-with-dsym";
				ENABLE_NS_ASSERTIONS = NO;
				ENABLE_STRICT_OBJC_MSGSEND = YES;
				GCC_C_LANGUAGE_STANDARD = gnu99;
				GCC_NO_COMMON_BLOCKS = YES;
				GCC_WARN_64_TO_32_BIT_CONVERSION = YES;
				GCC_WARN_ABOUT_RETURN_TYPE = YES_ERROR;
				GCC_WARN_UNDECLARED_SELECTOR = YES;
				GCC_WARN_UNINITIALIZED_AUTOS = YES_AGGRESSIVE;
				GCC_WARN_UNUSED_FUNCTION = YES;
				GCC_WARN_UNUSED_VARIABLE = YES;
				IPHONEOS_DEPLOYMENT_TARGET = 8.3;
				MTL_ENABLE_DEBUG_INFO = NO;
				SDKROOT = iphoneos;
				TARGETED_DEVICE_FAMILY = "1,2";
				VALIDATE_PRODUCT = YES;
			};
			name = Release;
		};
		9C14D2BC1B04F77900D2F455 /* Debug */ = {
			isa = XCBuildConfiguration;
			buildSettings = {
				ASSETCATALOG_COMPILER_APPICON_NAME = AppIcon;
				INFOPLIST_FILE = Day29App/Info.plist;
				LD_RUNPATH_SEARCH_PATHS = "$(inherited) @executable_path/Frameworks";
				PRODUCT_NAME = "$(TARGET_NAME)";
			};
			name = Debug;
		};
		9C14D2BD1B04F77900D2F455 /* Release */ = {
			isa = XCBuildConfiguration;
			buildSettings = {
				ASSETCATALOG_COMPILER_APPICON_NAME = AppIcon;
				INFOPLIST_FILE = Day29App/Info.plist;
				LD_RUNPATH_SEARCH_PATHS = "$(inherited) @executable_path/Frameworks";
				PRODUCT_NAME = "$(TARGET_NAME)";
			};
			name = Release;
		};
		9C14D2BF1B04F77900D2F455 /* Debug */ = {
			isa = XCBuildConfiguration;
			buildSettings = {
				BUNDLE_LOADER = "$(TEST_HOST)";
				FRAMEWORK_SEARCH_PATHS = (
					"$(SDKROOT)/Developer/Library/Frameworks",
					"$(inherited)",
				);
				GCC_PREPROCESSOR_DEFINITIONS = (
					"DEBUG=1",
					"$(inherited)",
				);
				INFOPLIST_FILE = Day29AppTests/Info.plist;
				LD_RUNPATH_SEARCH_PATHS = "$(inherited) @executable_path/Frameworks @loader_path/Frameworks";
				PRODUCT_NAME = "$(TARGET_NAME)";
				TEST_HOST = "$(BUILT_PRODUCTS_DIR)/Day29App.app/Day29App";
			};
			name = Debug;
		};
		9C14D2C01B04F77900D2F455 /* Release */ = {
			isa = XCBuildConfiguration;
			buildSettings = {
				BUNDLE_LOADER = "$(TEST_HOST)";
				FRAMEWORK_SEARCH_PATHS = (
					"$(SDKROOT)/Developer/Library/Frameworks",
					"$(inherited)",
				);
				INFOPLIST_FILE = Day29AppTests/Info.plist;
				LD_RUNPATH_SEARCH_PATHS = "$(inherited) @executable_path/Frameworks @loader_path/Frameworks";
				PRODUCT_NAME = "$(TARGET_NAME)";
				TEST_HOST = "$(BUILT_PRODUCTS_DIR)/Day29App.app/Day29App";
			};
			name = Release;
		};
/* End XCBuildConfiguration section */

/* Begin XCConfigurationList section */
		9C14D2931B04F77900D2F455 /* Build configuration list for PBXProject "Day29App" */ = {
			isa = XCConfigurationList;
			buildConfigurations = (
				9C14D2B91B04F77900D2F455 /* Debug */,
				9C14D2BA1B04F77900D2F455 /* Release */,
			);
			defaultConfigurationIsVisible = 0;
			defaultConfigurationName = Release;
		};
		9C14D2BB1B04F77900D2F455 /* Build configuration list for PBXNativeTarget "Day29App" */ = {
			isa = XCConfigurationList;
			buildConfigurations = (
				9C14D2BC1B04F77900D2F455 /* Debug */,
				9C14D2BD1B04F77900D2F455 /* Release */,
			);
			defaultConfigurationIsVisible = 0;
		};
		9C14D2BE1B04F77900D2F455 /* Build configuration list for PBXNativeTarget "Day29AppTests" */ = {
			isa = XCConfigurationList;
			buildConfigurations = (
				9C14D2BF1B04F77900D2F455 /* Debug */,
				9C14D2C01B04F77900D2F455 /* Release */,
			);
			defaultConfigurationIsVisible = 0;
		};
/* End XCConfigurationList section */
	};
	rootObject = 9C14D2901B04F77900D2F455 /* Project object */;
}
