// !$*UTF8*$!
{
	archiveVersion = 1;
	classes = {
	};
	objectVersion = 46;
	objects = {

/* Begin PBXBuildFile section */
		9C97663F1AF8431C003C39E0 /* main.m in Sources */ = {isa = PBXBuildFile; fileRef = 9C97663E1AF8431C003C39E0 /* main.m */; };
		9C9766421AF8431C003C39E0 /* AppDelegate.m in Sources */ = {isa = PBXBuildFile; fileRef = 9C9766411AF8431C003C39E0 /* AppDelegate.m */; };
		9C9766451AF8431C003C39E0 /* ViewController.m in Sources */ = {isa = PBXBuildFile; fileRef = 9C9766441AF8431C003C39E0 /* ViewController.m */; };
		9C9766481AF8431C003C39E0 /* Main.storyboard in Resources */ = {isa = PBXBuildFile; fileRef = 9C9766461AF8431C003C39E0 /* Main.storyboard */; };
		9C97664A1AF8431C003C39E0 /* Images.xcassets in Resources */ = {isa = PBXBuildFile; fileRef = 9C9766491AF8431C003C39E0 /* Images.xcassets */; };
		9C97664D1AF8431C003C39E0 /* LaunchScreen.xib in Resources */ = {isa = PBXBuildFile; fileRef = 9C97664B1AF8431C003C39E0 /* LaunchScreen.xib */; };
		9C9766591AF8431C003C39E0 /* Day5AppTests.m in Sources */ = {isa = PBXBuildFile; fileRef = 9C9766581AF8431C003C39E0 /* Day5AppTests.m */; };
		9C9766641AF844EB003C39E0 /* SecondViewController.m in Sources */ = {isa = PBXBuildFile; fileRef = 9C9766631AF844EB003C39E0 /* SecondViewController.m */; };
/* End PBXBuildFile section */

/* Begin PBXContainerItemProxy section */
		9C9766531AF8431C003C39E0 /* PBXContainerItemProxy */ = {
			isa = PBXContainerItemProxy;
			containerPortal = 9C9766311AF8431C003C39E0 /* Project object */;
			proxyType = 1;
			remoteGlobalIDString = 9C9766381AF8431C003C39E0;
			remoteInfo = Day5App;
		};
/* End PBXContainerItemProxy section */

/* Begin PBXFileReference section */
		9C9766391AF8431C003C39E0 /* Day5App.app */ = {isa = PBXFileReference; explicitFileType = wrapper.application; includeInIndex = 0; path = Day5App.app; sourceTree = BUILT_PRODUCTS_DIR; };
		9C97663D1AF8431C003C39E0 /* Info.plist */ = {isa = PBXFileReference; lastKnownFileType = text.plist.xml; path = Info.plist; sourceTree = "<group>"; };
		9C97663E1AF8431C003C39E0 /* main.m */ = {isa = PBXFileReference; lastKnownFileType = sourcecode.c.objc; path = main.m; sourceTree = "<group>"; };
		9C9766401AF8431C003C39E0 /* AppDelegate.h */ = {isa = PBXFileReference; lastKnownFileType = sourcecode.c.h; path = AppDelegate.h; sourceTree = "<group>"; };
		9C9766411AF8431C003C39E0 /* AppDelegate.m */ = {isa = PBXFileReference; lastKnownFileType = sourcecode.c.objc; path = AppDelegate.m; sourceTree = "<group>"; };
		9C9766431AF8431C003C39E0 /* ViewController.h */ = {isa = PBXFileReference; lastKnownFileType = sourcecode.c.h; path = ViewController.h; sourceTree = "<group>"; };
		9C9766441AF8431C003C39E0 /* ViewController.m */ = {isa = PBXFileReference; lastKnownFileType = sourcecode.c.objc; path = ViewController.m; sourceTree = "<group>"; };
		9C9766471AF8431C003C39E0 /* Base */ = {isa = PBXFileReference; lastKnownFileType = file.storyboard; name = Base; path = Base.lproj/Main.storyboard; sourceTree = "<group>"; };
		9C9766491AF8431C003C39E0 /* Images.xcassets */ = {isa = PBXFileReference; lastKnownFileType = folder.assetcatalog; path = Images.xcassets; sourceTree = "<group>"; };
		9C97664C1AF8431C003C39E0 /* Base */ = {isa = PBXFileReference; lastKnownFileType = file.xib; name = Base; path = Base.lproj/LaunchScreen.xib; sourceTree = "<group>"; };
		9C9766521AF8431C003C39E0 /* Day5AppTests.xctest */ = {isa = PBXFileReference; explicitFileType = wrapper.cfbundle; includeInIndex = 0; path = Day5AppTests.xctest; sourceTree = BUILT_PRODUCTS_DIR; };
		9C9766571AF8431C003C39E0 /* Info.plist */ = {isa = PBXFileReference; lastKnownFileType = text.plist.xml; path = Info.plist; sourceTree = "<group>"; };
		9C9766581AF8431C003C39E0 /* Day5AppTests.m */ = {isa = PBXFileReference; lastKnownFileType = sourcecode.c.objc; path = Day5AppTests.m; sourceTree = "<group>"; };
		9C9766621AF844EB003C39E0 /* SecondViewController.h */ = {isa = PBXFileReference; fileEncoding = 4; lastKnownFileType = sourcecode.c.h; path = SecondViewController.h; sourceTree = "<group>"; };
		9C9766631AF844EB003C39E0 /* SecondViewController.m */ = {isa = PBXFileReference; fileEncoding = 4; lastKnownFileType = sourcecode.c.objc; path = SecondViewController.m; sourceTree = "<group>"; };
/* End PBXFileReference section */

/* Begin PBXFrameworksBuildPhase section */
		9C9766361AF8431C003C39E0 /* Frameworks */ = {
			isa = PBXFrameworksBuildPhase;
			buildActionMask = 2147483647;
			files = (
			);
			runOnlyForDeploymentPostprocessing = 0;
		};
		9C97664F1AF8431C003C39E0 /* Frameworks */ = {
			isa = PBXFrameworksBuildPhase;
			buildActionMask = 2147483647;
			files = (
			);
			runOnlyForDeploymentPostprocessing = 0;
		};
/* End PBXFrameworksBuildPhase section */

/* Begin PBXGroup section */
		9C9766301AF8431C003C39E0 = {
			isa = PBXGroup;
			children = (
				9C97663B1AF8431C003C39E0 /* Day5App */,
				9C9766551AF8431C003C39E0 /* Day5AppTests */,
				9C97663A1AF8431C003C39E0 /* Products */,
			);
			sourceTree = "<group>";
		};
		9C97663A1AF8431C003C39E0 /* Products */ = {
			isa = PBXGroup;
			children = (
				9C9766391AF8431C003C39E0 /* Day5App.app */,
				9C9766521AF8431C003C39E0 /* Day5AppTests.xctest */,
			);
			name = Products;
			sourceTree = "<group>";
		};
		9C97663B1AF8431C003C39E0 /* Day5App */ = {
			isa = PBXGroup;
			children = (
				9C9766401AF8431C003C39E0 /* AppDelegate.h */,
				9C9766411AF8431C003C39E0 /* AppDelegate.m */,
				9C9766431AF8431C003C39E0 /* ViewController.h */,
				9C9766441AF8431C003C39E0 /* ViewController.m */,
				9C9766461AF8431C003C39E0 /* Main.storyboard */,
				9C9766621AF844EB003C39E0 /* SecondViewController.h */,
				9C9766631AF844EB003C39E0 /* SecondViewController.m */,
				9C9766491AF8431C003C39E0 /* Images.xcassets */,
				9C97664B1AF8431C003C39E0 /* LaunchScreen.xib */,
				9C97663C1AF8431C003C39E0 /* Supporting Files */,
			);
			path = Day5App;
			sourceTree = "<group>";
		};
		9C97663C1AF8431C003C39E0 /* Supporting Files */ = {
			isa = PBXGroup;
			children = (
				9C97663D1AF8431C003C39E0 /* Info.plist */,
				9C97663E1AF8431C003C39E0 /* main.m */,
			);
			name = "Supporting Files";
			sourceTree = "<group>";
		};
		9C9766551AF8431C003C39E0 /* Day5AppTests */ = {
			isa = PBXGroup;
			children = (
				9C9766581AF8431C003C39E0 /* Day5AppTests.m */,
				9C9766561AF8431C003C39E0 /* Supporting Files */,
			);
			path = Day5AppTests;
			sourceTree = "<group>";
		};
		9C9766561AF8431C003C39E0 /* Supporting Files */ = {
			isa = PBXGroup;
			children = (
				9C9766571AF8431C003C39E0 /* Info.plist */,
			);
			name = "Supporting Files";
			sourceTree = "<group>";
		};
/* End PBXGroup section */

/* Begin PBXNativeTarget section */
		9C9766381AF8431C003C39E0 /* Day5App */ = {
			isa = PBXNativeTarget;
			buildConfigurationList = 9C97665C1AF8431C003C39E0 /* Build configuration list for PBXNativeTarget "Day5App" */;
			buildPhases = (
				9C9766351AF8431C003C39E0 /* Sources */,
				9C9766361AF8431C003C39E0 /* Frameworks */,
				9C9766371AF8431C003C39E0 /* Resources */,
			);
			buildRules = (
			);
			dependencies = (
			);
			name = Day5App;
			productName = Day5App;
			productReference = 9C9766391AF8431C003C39E0 /* Day5App.app */;
			productType = "com.apple.product-type.application";
		};
		9C9766511AF8431C003C39E0 /* Day5AppTests */ = {
			isa = PBXNativeTarget;
			buildConfigurationList = 9C97665F1AF8431C003C39E0 /* Build configuration list for PBXNativeTarget "Day5AppTests" */;
			buildPhases = (
				9C97664E1AF8431C003C39E0 /* Sources */,
				9C97664F1AF8431C003C39E0 /* Frameworks */,
				9C9766501AF8431C003C39E0 /* Resources */,
			);
			buildRules = (
			);
			dependencies = (
				9C9766541AF8431C003C39E0 /* PBXTargetDependency */,
			);
			name = Day5AppTests;
			productName = Day5AppTests;
			productReference = 9C9766521AF8431C003C39E0 /* Day5AppTests.xctest */;
			productType = "com.apple.product-type.bundle.unit-test";
		};
/* End PBXNativeTarget section */

/* Begin PBXProject section */
		9C9766311AF8431C003C39E0 /* Project object */ = {
			isa = PBXProject;
			attributes = {
				LastUpgradeCheck = 0630;
				ORGANIZATIONNAME = "Dan Luong";
				TargetAttributes = {
					9C9766381AF8431C003C39E0 = {
						CreatedOnToolsVersion = 6.3.1;
						DevelopmentTeam = V73JJBEQC4;
					};
					9C9766511AF8431C003C39E0 = {
						CreatedOnToolsVersion = 6.3.1;
						TestTargetID = 9C9766381AF8431C003C39E0;
					};
				};
			};
			buildConfigurationList = 9C9766341AF8431C003C39E0 /* Build configuration list for PBXProject "Day5App" */;
			compatibilityVersion = "Xcode 3.2";
			developmentRegion = English;
			hasScannedForEncodings = 0;
			knownRegions = (
				en,
				Base,
			);
			mainGroup = 9C9766301AF8431C003C39E0;
			productRefGroup = 9C97663A1AF8431C003C39E0 /* Products */;
			projectDirPath = "";
			projectRoot = "";
			targets = (
				9C9766381AF8431C003C39E0 /* Day5App */,
				9C9766511AF8431C003C39E0 /* Day5AppTests */,
			);
		};
/* End PBXProject section */

/* Begin PBXResourcesBuildPhase section */
		9C9766371AF8431C003C39E0 /* Resources */ = {
			isa = PBXResourcesBuildPhase;
			buildActionMask = 2147483647;
			files = (
				9C9766481AF8431C003C39E0 /* Main.storyboard in Resources */,
				9C97664D1AF8431C003C39E0 /* LaunchScreen.xib in Resources */,
				9C97664A1AF8431C003C39E0 /* Images.xcassets in Resources */,
			);
			runOnlyForDeploymentPostprocessing = 0;
		};
		9C9766501AF8431C003C39E0 /* Resources */ = {
			isa = PBXResourcesBuildPhase;
			buildActionMask = 2147483647;
			files = (
			);
			runOnlyForDeploymentPostprocessing = 0;
		};
/* End PBXResourcesBuildPhase section */

/* Begin PBXSourcesBuildPhase section */
		9C9766351AF8431C003C39E0 /* Sources */ = {
			isa = PBXSourcesBuildPhase;
			buildActionMask = 2147483647;
			files = (
				9C9766641AF844EB003C39E0 /* SecondViewController.m in Sources */,
				9C9766451AF8431C003C39E0 /* ViewController.m in Sources */,
				9C9766421AF8431C003C39E0 /* AppDelegate.m in Sources */,
				9C97663F1AF8431C003C39E0 /* main.m in Sources */,
			);
			runOnlyForDeploymentPostprocessing = 0;
		};
		9C97664E1AF8431C003C39E0 /* Sources */ = {
			isa = PBXSourcesBuildPhase;
			buildActionMask = 2147483647;
			files = (
				9C9766591AF8431C003C39E0 /* Day5AppTests.m in Sources */,
			);
			runOnlyForDeploymentPostprocessing = 0;
		};
/* End PBXSourcesBuildPhase section */

/* Begin PBXTargetDependency section */
		9C9766541AF8431C003C39E0 /* PBXTargetDependency */ = {
			isa = PBXTargetDependency;
			target = 9C9766381AF8431C003C39E0 /* Day5App */;
			targetProxy = 9C9766531AF8431C003C39E0 /* PBXContainerItemProxy */;
		};
/* End PBXTargetDependency section */

/* Begin PBXVariantGroup section */
		9C9766461AF8431C003C39E0 /* Main.storyboard */ = {
			isa = PBXVariantGroup;
			children = (
				9C9766471AF8431C003C39E0 /* Base */,
			);
			name = Main.storyboard;
			sourceTree = "<group>";
		};
		9C97664B1AF8431C003C39E0 /* LaunchScreen.xib */ = {
			isa = PBXVariantGroup;
			children = (
				9C97664C1AF8431C003C39E0 /* Base */,
			);
			name = LaunchScreen.xib;
			sourceTree = "<group>";
		};
/* End PBXVariantGroup section */

/* Begin XCBuildConfiguration section */
		9C97665A1AF8431C003C39E0 /* Debug */ = {
			isa = XCBuildConfiguration;
			buildSettings = {
				ALWAYS_SEARCH_USER_PATHS = NO;
				CLANG_CXX_LANGUAGE_STANDARD = "gnu++0x";
				CLANG_CXX_LIBRARY = "libc++";
				CLANG_ENABLE_MODULES = YES;
				CLANG_ENABLE_OBJC_ARC = YES;
				CLANG_WARN_BOOL_CONVERSION = YES;
				CLANG_WARN_CONSTANT_CONVERSION = YES;
				CLANG_WARN_DIRECT_OBJC_ISA_USAGE = YES_ERROR;
				CLANG_WARN_EMPTY_BODY = YES;
				CLANG_WARN_ENUM_CONVERSION = YES;
				CLANG_WARN_INT_CONVERSION = YES;
				CLANG_WARN_OBJC_ROOT_CLASS = YES_ERROR;
				CLANG_WARN_UNREACHABLE_CODE = YES;
				CLANG_WARN__DUPLICATE_METHOD_MATCH = YES;
				"CODE_SIGN_IDENTITY[sdk=iphoneos*]" = "iPhone Developer";
				COPY_PHASE_STRIP = NO;
				DEBUG_INFORMATION_FORMAT = "dwarf-with-dsym";
				ENABLE_STRICT_OBJC_MSGSEND = YES;
				GCC_C_LANGUAGE_STANDARD = gnu99;
				GCC_DYNAMIC_NO_PIC = NO;
				GCC_NO_COMMON_BLOCKS = YES;
				GCC_OPTIMIZATION_LEVEL = 0;
				GCC_PREPROCESSOR_DEFINITIONS = (
					"DEBUG=1",
					"$(inherited)",
				);
				GCC_SYMBOLS_PRIVATE_EXTERN = NO;
				GCC_WARN_64_TO_32_BIT_CONVERSION = YES;
				GCC_WARN_ABOUT_RETURN_TYPE = YES_ERROR;
				GCC_WARN_UNDECLARED_SELECTOR = YES;
				GCC_WARN_UNINITIALIZED_AUTOS = YES_AGGRESSIVE;
				GCC_WARN_UNUSED_FUNCTION = YES;
				GCC_WARN_UNUSED_VARIABLE = YES;
				IPHONEOS_DEPLOYMENT_TARGET = 8.3;
				MTL_ENABLE_DEBUG_INFO = YES;
				ONLY_ACTIVE_ARCH = YES;
				SDKROOT = iphoneos;
				TARGETED_DEVICE_FAMILY = "1,2";
			};
			name = Debug;
		};
		9C97665B1AF8431C003C39E0 /* Release */ = {
			isa = XCBuildConfiguration;
			buildSettings = {
				ALWAYS_SEARCH_USER_PATHS = NO;
				CLANG_CXX_LANGUAGE_STANDARD = "gnu++0x";
				CLANG_CXX_LIBRARY = "libc++";
				CLANG_ENABLE_MODULES = YES;
				CLANG_ENABLE_OBJC_ARC = YES;
				CLANG_WARN_BOOL_CONVERSION = YES;
				CLANG_WARN_CONSTANT_CONVERSION = YES;
				CLANG_WARN_DIRECT_OBJC_ISA_USAGE = YES_ERROR;
				CLANG_WARN_EMPTY_BODY = YES;
				CLANG_WARN_ENUM_CONVERSION = YES;
				CLANG_WARN_INT_CONVERSION = YES;
				CLANG_WARN_OBJC_ROOT_CLASS = YES_ERROR;
				CLANG_WARN_UNREACHABLE_CODE = YES;
				CLANG_WARN__DUPLICATE_METHOD_MATCH = YES;
				"CODE_SIGN_IDENTITY[sdk=iphoneos*]" = "iPhone Developer";
				COPY_PHASE_STRIP = NO;
				DEBUG_INFORMATION_FORMAT = "dwarf-with-dsym";
				ENABLE_NS_ASSERTIONS = NO;
				ENABLE_STRICT_OBJC_MSGSEND = YES;
				GCC_C_LANGUAGE_STANDARD = gnu99;
				GCC_NO_COMMON_BLOCKS = YES;
				GCC_WARN_64_TO_32_BIT_CONVERSION = YES;
				GCC_WARN_ABOUT_RETURN_TYPE = YES_ERROR;
				GCC_WARN_UNDECLARED_SELECTOR = YES;
				GCC_WARN_UNINITIALIZED_AUTOS = YES_AGGRESSIVE;
				GCC_WARN_UNUSED_FUNCTION = YES;
				GCC_WARN_UNUSED_VARIABLE = YES;
				IPHONEOS_DEPLOYMENT_TARGET = 8.3;
				MTL_ENABLE_DEBUG_INFO = NO;
				SDKROOT = iphoneos;
				TARGETED_DEVICE_FAMILY = "1,2";
				VALIDATE_PRODUCT = YES;
			};
			name = Release;
		};
		9C97665D1AF8431C003C39E0 /* Debug */ = {
			isa = XCBuildConfiguration;
			buildSettings = {
				ASSETCATALOG_COMPILER_APPICON_NAME = AppIcon;
				INFOPLIST_FILE = Day5App/Info.plist;
				LD_RUNPATH_SEARCH_PATHS = "$(inherited) @executable_path/Frameworks";
				PRODUCT_NAME = "$(TARGET_NAME)";
			};
			name = Debug;
		};
		9C97665E1AF8431C003C39E0 /* Release */ = {
			isa = XCBuildConfiguration;
			buildSettings = {
				ASSETCATALOG_COMPILER_APPICON_NAME = AppIcon;
				INFOPLIST_FILE = Day5App/Info.plist;
				LD_RUNPATH_SEARCH_PATHS = "$(inherited) @executable_path/Frameworks";
				PRODUCT_NAME = "$(TARGET_NAME)";
			};
			name = Release;
		};
		9C9766601AF8431C003C39E0 /* Debug */ = {
			isa = XCBuildConfiguration;
			buildSettings = {
				BUNDLE_LOADER = "$(TEST_HOST)";
				FRAMEWORK_SEARCH_PATHS = (
					"$(SDKROOT)/Developer/Library/Frameworks",
					"$(inherited)",
				);
				GCC_PREPROCESSOR_DEFINITIONS = (
					"DEBUG=1",
					"$(inherited)",
				);
				INFOPLIST_FILE = Day5AppTests/Info.plist;
				LD_RUNPATH_SEARCH_PATHS = "$(inherited) @executable_path/Frameworks @loader_path/Frameworks";
				PRODUCT_NAME = "$(TARGET_NAME)";
				TEST_HOST = "$(BUILT_PRODUCTS_DIR)/Day5App.app/Day5App";
			};
			name = Debug;
		};
		9C9766611AF8431C003C39E0 /* Release */ = {
			isa = XCBuildConfiguration;
			buildSettings = {
				BUNDLE_LOADER = "$(TEST_HOST)";
				FRAMEWORK_SEARCH_PATHS = (
					"$(SDKROOT)/Developer/Library/Frameworks",
					"$(inherited)",
				);
				INFOPLIST_FILE = Day5AppTests/Info.plist;
				LD_RUNPATH_SEARCH_PATHS = "$(inherited) @executable_path/Frameworks @loader_path/Frameworks";
				PRODUCT_NAME = "$(TARGET_NAME)";
				TEST_HOST = "$(BUILT_PRODUCTS_DIR)/Day5App.app/Day5App";
			};
			name = Release;
		};
/* End XCBuildConfiguration section */

/* Begin XCConfigurationList section */
		9C9766341AF8431C003C39E0 /* Build configuration list for PBXProject "Day5App" */ = {
			isa = XCConfigurationList;
			buildConfigurations = (
				9C97665A1AF8431C003C39E0 /* Debug */,
				9C97665B1AF8431C003C39E0 /* Release */,
			);
			defaultConfigurationIsVisible = 0;
			defaultConfigurationName = Release;
		};
		9C97665C1AF8431C003C39E0 /* Build configuration list for PBXNativeTarget "Day5App" */ = {
			isa = XCConfigurationList;
			buildConfigurations = (
				9C97665D1AF8431C003C39E0 /* Debug */,
				9C97665E1AF8431C003C39E0 /* Release */,
			);
			defaultConfigurationIsVisible = 0;
			defaultConfigurationName = Release;
		};
		9C97665F1AF8431C003C39E0 /* Build configuration list for PBXNativeTarget "Day5AppTests" */ = {
			isa = XCConfigurationList;
			buildConfigurations = (
				9C9766601AF8431C003C39E0 /* Debug */,
				9C9766611AF8431C003C39E0 /* Release */,
			);
			defaultConfigurationIsVisible = 0;
			defaultConfigurationName = Release;
		};
/* End XCConfigurationList section */
	};
	rootObject = 9C9766311AF8431C003C39E0 /* Project object */;
}
